// !$*UTF8*$!
{
	archiveVersion = 1;
	classes = {
	};
	objectVersion = 56;
	objects = {

/* Begin PBXBuildFile section */
		5A58E7802B11217100D0723C /* Apollo in Frameworks */ = {isa = PBXBuildFile; productRef = 5A58E77F2B11217100D0723C /* Apollo */; };
		5A58E7832B11218400D0723C /* WebRTC in Frameworks */ = {isa = PBXBuildFile; productRef = 5A58E7822B11218400D0723C /* WebRTC */; };
		5A58E7862B1121A200D0723C /* NukeUI in Frameworks */ = {isa = PBXBuildFile; productRef = 5A58E7852B1121A200D0723C /* NukeUI */; };
		5A58E7882B1121ED00D0723C /* LazyNukeImage.swift in Sources */ = {isa = PBXBuildFile; fileRef = 5A58E7872B1121ED00D0723C /* LazyNukeImage.swift */; };
		5A58E78B2B1131BF00D0723C /* AudioRoomView.swift in Sources */ = {isa = PBXBuildFile; fileRef = 5A58E78A2B1131BF00D0723C /* AudioRoomView.swift */; };
		5A58E78D2B11327200D0723C /* RoomViewModel.swift in Sources */ = {isa = PBXBuildFile; fileRef = 5A58E78C2B11327200D0723C /* RoomViewModel.swift */; };
		5A58E7902B1135B200D0723C /* RoomTabView.swift in Sources */ = {isa = PBXBuildFile; fileRef = 5A58E78F2B1135B200D0723C /* RoomTabView.swift */; };
		5A58E7922B11373400D0723C /* UIApplication.swift in Sources */ = {isa = PBXBuildFile; fileRef = 5A58E7912B11373400D0723C /* UIApplication.swift */; };
		5A58E7952B1139D000D0723C /* PlayerView.swift in Sources */ = {isa = PBXBuildFile; fileRef = 5A58E7942B1139D000D0723C /* PlayerView.swift */; };
		5A58E7972B113AEE00D0723C /* RoomPlayerState.swift in Sources */ = {isa = PBXBuildFile; fileRef = 5A58E7962B113AEE00D0723C /* RoomPlayerState.swift */; };
		5A58E7992B114C3F00D0723C /* ParticlesModifier.swift in Sources */ = {isa = PBXBuildFile; fileRef = 5A58E7982B114C3F00D0723C /* ParticlesModifier.swift */; };
		5A58E79B2B114C5800D0723C /* Task.swift in Sources */ = {isa = PBXBuildFile; fileRef = 5A58E79A2B114C5800D0723C /* Task.swift */; };
		5A58E79E2B114E2A00D0723C /* Message.swift in Sources */ = {isa = PBXBuildFile; fileRef = 5A58E79D2B114E2A00D0723C /* Message.swift */; };
		5A58E7A22B115A0B00D0723C /* MembersView.swift in Sources */ = {isa = PBXBuildFile; fileRef = 5A58E7A12B115A0B00D0723C /* MembersView.swift */; };
		5A58E7A42B115A9300D0723C /* UserAvatarView.swift in Sources */ = {isa = PBXBuildFile; fileRef = 5A58E7A32B115A9300D0723C /* UserAvatarView.swift */; };
		5A58E7A62B115D8100D0723C /* PlaylistView.swift in Sources */ = {isa = PBXBuildFile; fileRef = 5A58E7A52B115D8100D0723C /* PlaylistView.swift */; };
		5A58E7A82B115F1E00D0723C /* SoundWaveView.swift in Sources */ = {isa = PBXBuildFile; fileRef = 5A58E7A72B115F1E00D0723C /* SoundWaveView.swift */; };
		5A58E7AA2B116B0800D0723C /* RoomChatView.swift in Sources */ = {isa = PBXBuildFile; fileRef = 5A58E7A92B116B0800D0723C /* RoomChatView.swift */; };
		5A58E7AC2B116B3B00D0723C /* RoomChatViewModel.swift in Sources */ = {isa = PBXBuildFile; fileRef = 5A58E7AB2B116B3B00D0723C /* RoomChatViewModel.swift */; };
		5A58E7AF2B116C2500D0723C /* BottomBarView.swift in Sources */ = {isa = PBXBuildFile; fileRef = 5A58E7AE2B116C2500D0723C /* BottomBarView.swift */; };
		5A58E7B12B1174D200D0723C /* MessageRowView.swift in Sources */ = {isa = PBXBuildFile; fileRef = 5A58E7B02B1174D200D0723C /* MessageRowView.swift */; };
		5A58E7B32B117CB300D0723C /* MessageContextMenu.swift in Sources */ = {isa = PBXBuildFile; fileRef = 5A58E7B22B117CB300D0723C /* MessageContextMenu.swift */; };
		5A58E7B52B117CD000D0723C /* EmojiReactionView.swift in Sources */ = {isa = PBXBuildFile; fileRef = 5A58E7B42B117CD000D0723C /* EmojiReactionView.swift */; };
		5A58E7B72B11F04D00D0723C /* ShareUtils.swift in Sources */ = {isa = PBXBuildFile; fileRef = 5A58E7B62B11F04D00D0723C /* ShareUtils.swift */; };
		5A58E7BA2B11F45200D0723C /* RoomType.graphql.swift in Sources */ = {isa = PBXBuildFile; fileRef = 5A58E7B92B11F45200D0723C /* RoomType.graphql.swift */; };
		5A58E7BC2B11F54A00D0723C /* String.swift in Sources */ = {isa = PBXBuildFile; fileRef = 5A58E7BB2B11F54A00D0723C /* String.swift */; };
		5A58E7BF2B120C2B00D0723C /* AddTrackView.swift in Sources */ = {isa = PBXBuildFile; fileRef = 5A58E7BE2B120C2B00D0723C /* AddTrackView.swift */; };
		5A58E7C12B120C3F00D0723C /* AddTrackViewModel.swift in Sources */ = {isa = PBXBuildFile; fileRef = 5A58E7C02B120C3F00D0723C /* AddTrackViewModel.swift */; };
		5A58E7C42B1215BA00D0723C /* Playlist.swift in Sources */ = {isa = PBXBuildFile; fileRef = 5A58E7C32B1215BA00D0723C /* Playlist.swift */; };
		5A58E7C82B12724700D0723C /* RoomSettingsView.swift in Sources */ = {isa = PBXBuildFile; fileRef = 5A58E7C72B12724700D0723C /* RoomSettingsView.swift */; };
		5A58E7CA2B12824E00D0723C /* UpdateRoomMutation.graphql.swift in Sources */ = {isa = PBXBuildFile; fileRef = 5A58E7C92B12824E00D0723C /* UpdateRoomMutation.graphql.swift */; };
		5A58E7CC2B12826800D0723C /* AllStickersQuery.graphql.swift in Sources */ = {isa = PBXBuildFile; fileRef = 5A58E7CB2B12826800D0723C /* AllStickersQuery.graphql.swift */; };
		5A58E7CE2B12832300D0723C /* RoomTemplate.swift in Sources */ = {isa = PBXBuildFile; fileRef = 5A58E7CD2B12832300D0723C /* RoomTemplate.swift */; };
		5A58E7D02B1283C500D0723C /* StickerPack.graphql.swift in Sources */ = {isa = PBXBuildFile; fileRef = 5A58E7CF2B1283C500D0723C /* StickerPack.graphql.swift */; };
		5A58E7D22B1287AB00D0723C /* ShareSheet.swift in Sources */ = {isa = PBXBuildFile; fileRef = 5A58E7D12B1287AB00D0723C /* ShareSheet.swift */; };
		5A81F3D62B1091AA00D9998F /* Hack_Change23Track1App.swift in Sources */ = {isa = PBXBuildFile; fileRef = 5A81F3D52B1091AA00D9998F /* Hack_Change23Track1App.swift */; };
		5A81F3D82B1091AA00D9998F /* ContentView.swift in Sources */ = {isa = PBXBuildFile; fileRef = 5A81F3D72B1091AA00D9998F /* ContentView.swift */; };
		5A81F3DA2B1091AB00D9998F /* Assets.xcassets in Resources */ = {isa = PBXBuildFile; fileRef = 5A81F3D92B1091AB00D9998F /* Assets.xcassets */; };
		5A81F3DD2B1091AB00D9998F /* Preview Assets.xcassets in Resources */ = {isa = PBXBuildFile; fileRef = 5A81F3DC2B1091AB00D9998F /* Preview Assets.xcassets */; };
		5A81F3FC2B1097BA00D9998F /* View.swift in Sources */ = {isa = PBXBuildFile; fileRef = 5A81F3FB2B1097BA00D9998F /* View.swift */; };
		5A81F3FE2B1097DC00D9998F /* Double.swift in Sources */ = {isa = PBXBuildFile; fileRef = 5A81F3FD2B1097DC00D9998F /* Double.swift */; };
		5A81F4002B1097EB00D9998F /* Color.swift in Sources */ = {isa = PBXBuildFile; fileRef = 5A81F3FF2B1097EB00D9998F /* Color.swift */; };
		5A81F4022B10980300D9998F /* DecoderEncoderHelper.swift in Sources */ = {isa = PBXBuildFile; fileRef = 5A81F4012B10980300D9998F /* DecoderEncoderHelper.swift */; };
		5A81F4042B10983A00D9998F /* RemoteCommandHelper.swift in Sources */ = {isa = PBXBuildFile; fileRef = 5A81F4032B10983A00D9998F /* RemoteCommandHelper.swift */; };
		5A81F4092B1098FD00D9998F /* Config.swift in Sources */ = {isa = PBXBuildFile; fileRef = 5A81F4082B1098FD00D9998F /* Config.swift */; };
		5A81F40B2B109A1700D9998F /* WebRTCClient.swift in Sources */ = {isa = PBXBuildFile; fileRef = 5A81F40A2B109A1700D9998F /* WebRTCClient.swift */; };
		5A81F40E2B109CEC00D9998F /* SessionDescription.swift in Sources */ = {isa = PBXBuildFile; fileRef = 5A81F40D2B109CEC00D9998F /* SessionDescription.swift */; };
		5A81F4132B109FF900D9998F /* IceCandidate.swift in Sources */ = {isa = PBXBuildFile; fileRef = 5A81F4122B109FF900D9998F /* IceCandidate.swift */; };
		5A81F4152B10A2D000D9998F /* apollo-codegen-config.json in Resources */ = {isa = PBXBuildFile; fileRef = 5A81F4142B10A2D000D9998F /* apollo-codegen-config.json */; };
		5A81F4172B10A3A700D9998F /* schema.graphqls in Resources */ = {isa = PBXBuildFile; fileRef = 5A81F4162B10A3A700D9998F /* schema.graphqls */; };
		5A81F4192B10A43800D9998F /* operations.graphql in Resources */ = {isa = PBXBuildFile; fileRef = 5A81F4182B10A43800D9998F /* operations.graphql */; };
		5A81F43E2B10A49C00D9998F /* RoomAttrs.graphql.swift in Sources */ = {isa = PBXBuildFile; fileRef = 5A81F41D2B10A49C00D9998F /* RoomAttrs.graphql.swift */; };
		5A81F43F2B10A49C00D9998F /* PlayerItemAttrs.graphql.swift in Sources */ = {isa = PBXBuildFile; fileRef = 5A81F41E2B10A49C00D9998F /* PlayerItemAttrs.graphql.swift */; };
		5A81F4402B10A49C00D9998F /* FileAttrs.graphql.swift in Sources */ = {isa = PBXBuildFile; fileRef = 5A81F41F2B10A49C00D9998F /* FileAttrs.graphql.swift */; };
		5A81F4412B10A49C00D9998F /* UserAttrs.graphql.swift in Sources */ = {isa = PBXBuildFile; fileRef = 5A81F4202B10A49C00D9998F /* UserAttrs.graphql.swift */; };
		5A81F4422B10A49C00D9998F /* SDPClientAttrs.graphql.swift in Sources */ = {isa = PBXBuildFile; fileRef = 5A81F4212B10A49C00D9998F /* SDPClientAttrs.graphql.swift */; };
		5A81F4432B10A49C00D9998F /* LoadAudioMutation.graphql.swift in Sources */ = {isa = PBXBuildFile; fileRef = 5A81F4232B10A49C00D9998F /* LoadAudioMutation.graphql.swift */; };
		5A81F4442B10A49C00D9998F /* RoomActionMutation.graphql.swift in Sources */ = {isa = PBXBuildFile; fileRef = 5A81F4242B10A49C00D9998F /* RoomActionMutation.graphql.swift */; };
		5A81F4452B10A49C00D9998F /* InitConnectionMutation.graphql.swift in Sources */ = {isa = PBXBuildFile; fileRef = 5A81F4252B10A49C00D9998F /* InitConnectionMutation.graphql.swift */; };
		5A81F4462B10A49C00D9998F /* SignInMutation.graphql.swift in Sources */ = {isa = PBXBuildFile; fileRef = 5A81F4262B10A49C00D9998F /* SignInMutation.graphql.swift */; };
		5A81F4472B10A49C00D9998F /* SignUpMutation.graphql.swift in Sources */ = {isa = PBXBuildFile; fileRef = 5A81F4272B10A49C00D9998F /* SignUpMutation.graphql.swift */; };
		5A81F4482B10A49C00D9998F /* DeleteRoomMutation.graphql.swift in Sources */ = {isa = PBXBuildFile; fileRef = 5A81F4282B10A49C00D9998F /* DeleteRoomMutation.graphql.swift */; };
		5A81F4492B10A49C00D9998F /* CreateRoomMutation.graphql.swift in Sources */ = {isa = PBXBuildFile; fileRef = 5A81F4292B10A49C00D9998F /* CreateRoomMutation.graphql.swift */; };
		5A81F44A2B10A49C00D9998F /* LikeRoomMutation.graphql.swift in Sources */ = {isa = PBXBuildFile; fileRef = 5A81F42A2B10A49C00D9998F /* LikeRoomMutation.graphql.swift */; };
		5A81F44B2B10A49C00D9998F /* ListRoomsQuery.graphql.swift in Sources */ = {isa = PBXBuildFile; fileRef = 5A81F42C2B10A49C00D9998F /* ListRoomsQuery.graphql.swift */; };
		5A81F44C2B10A49C00D9998F /* ListAudioQuery.graphql.swift in Sources */ = {isa = PBXBuildFile; fileRef = 5A81F42D2B10A49C00D9998F /* ListAudioQuery.graphql.swift */; };
		5A81F44D2B10A49C00D9998F /* CurrentUserQuery.graphql.swift in Sources */ = {isa = PBXBuildFile; fileRef = 5A81F42E2B10A49C00D9998F /* CurrentUserQuery.graphql.swift */; };
		5A81F44E2B10A49C00D9998F /* SchemaAPI.graphql.swift in Sources */ = {isa = PBXBuildFile; fileRef = 5A81F4302B10A49C00D9998F /* SchemaAPI.graphql.swift */; };
		5A81F44F2B10A49C00D9998F /* PlayFile.graphql.swift in Sources */ = {isa = PBXBuildFile; fileRef = 5A81F4322B10A49C00D9998F /* PlayFile.graphql.swift */; };
		5A81F4502B10A49C00D9998F /* User.graphql.swift in Sources */ = {isa = PBXBuildFile; fileRef = 5A81F4332B10A49C00D9998F /* User.graphql.swift */; };
		5A81F4512B10A49C00D9998F /* RootMutationType.graphql.swift in Sources */ = {isa = PBXBuildFile; fileRef = 5A81F4342B10A49C00D9998F /* RootMutationType.graphql.swift */; };
		5A81F4522B10A49C00D9998F /* ClientSDP.graphql.swift in Sources */ = {isa = PBXBuildFile; fileRef = 5A81F4352B10A49C00D9998F /* ClientSDP.graphql.swift */; };
		5A81F4532B10A49C00D9998F /* Audio.graphql.swift in Sources */ = {isa = PBXBuildFile; fileRef = 5A81F4362B10A49C00D9998F /* Audio.graphql.swift */; };
		5A81F4542B10A49C00D9998F /* RootQueryType.graphql.swift in Sources */ = {isa = PBXBuildFile; fileRef = 5A81F4372B10A49C00D9998F /* RootQueryType.graphql.swift */; };
		5A81F4552B10A49C00D9998F /* Room.graphql.swift in Sources */ = {isa = PBXBuildFile; fileRef = 5A81F4382B10A49C00D9998F /* Room.graphql.swift */; };
		5A81F4562B10A49C00D9998F /* Token.graphql.swift in Sources */ = {isa = PBXBuildFile; fileRef = 5A81F4392B10A49C00D9998F /* Token.graphql.swift */; };
		5A81F4572B10A49C00D9998F /* SchemaConfiguration.swift in Sources */ = {isa = PBXBuildFile; fileRef = 5A81F43A2B10A49C00D9998F /* SchemaConfiguration.swift */; };
		5A81F4582B10A49C00D9998F /* ServerSDP.graphql.swift in Sources */ = {isa = PBXBuildFile; fileRef = 5A81F43C2B10A49C00D9998F /* ServerSDP.graphql.swift */; };
		5A81F4592B10A49C00D9998F /* SchemaMetadata.graphql.swift in Sources */ = {isa = PBXBuildFile; fileRef = 5A81F43D2B10A49C00D9998F /* SchemaMetadata.graphql.swift */; };
		5A81F45E2B10B75F00D9998F /* RoomDataService.swift in Sources */ = {isa = PBXBuildFile; fileRef = 5A81F45D2B10B75F00D9998F /* RoomDataService.swift */; };
		5A81F4602B10B79500D9998F /* UserDataService.swift in Sources */ = {isa = PBXBuildFile; fileRef = 5A81F45F2B10B79500D9998F /* UserDataService.swift */; };
		5A81F4632B10B95000D9998F /* AuthView.swift in Sources */ = {isa = PBXBuildFile; fileRef = 5A81F4622B10B95000D9998F /* AuthView.swift */; };
		5A81F4662B10B98500D9998F /* AuthManager.swift in Sources */ = {isa = PBXBuildFile; fileRef = 5A81F4652B10B98500D9998F /* AuthManager.swift */; };
		5A81F4682B10B9A900D9998F /* AppAlert.swift in Sources */ = {isa = PBXBuildFile; fileRef = 5A81F4672B10B9A900D9998F /* AppAlert.swift */; };
		5A81F46A2B10BA8100D9998F /* ApolloClient.swift in Sources */ = {isa = PBXBuildFile; fileRef = 5A81F4692B10BA8100D9998F /* ApolloClient.swift */; };
		5A81F46C2B10BABB00D9998F /* Apollo+Extensions.swift in Sources */ = {isa = PBXBuildFile; fileRef = 5A81F46B2B10BABB00D9998F /* Apollo+Extensions.swift */; };
		5A81F46E2B10BB9D00D9998F /* UserManager.swift in Sources */ = {isa = PBXBuildFile; fileRef = 5A81F46D2B10BB9D00D9998F /* UserManager.swift */; };
		5A81F4712B10BBC800D9998F /* RoomMember.swift in Sources */ = {isa = PBXBuildFile; fileRef = 5A81F4702B10BBC800D9998F /* RoomMember.swift */; };
		5A81F4742B10BC9E00D9998F /* RootContainerView.swift in Sources */ = {isa = PBXBuildFile; fileRef = 5A81F4732B10BC9E00D9998F /* RootContainerView.swift */; };
		5A81F4782B10BD0800D9998F /* ProfileView.swift in Sources */ = {isa = PBXBuildFile; fileRef = 5A81F4772B10BD0800D9998F /* ProfileView.swift */; };
		5A81F47A2B10BD1500D9998F /* RoomsView.swift in Sources */ = {isa = PBXBuildFile; fileRef = 5A81F4792B10BD1500D9998F /* RoomsView.swift */; };
		5A81F47C2B10C07D00D9998F /* RoomsViewModel.swift in Sources */ = {isa = PBXBuildFile; fileRef = 5A81F47B2B10C07D00D9998F /* RoomsViewModel.swift */; };
		5A81F47E2B10C0BB00D9998F /* CreateRoomView.swift in Sources */ = {isa = PBXBuildFile; fileRef = 5A81F47D2B10C0BB00D9998F /* CreateRoomView.swift */; };
		5A81F4802B10C36600D9998F /* Font.swift in Sources */ = {isa = PBXBuildFile; fileRef = 5A81F47F2B10C36600D9998F /* Font.swift */; };
		5A81F4822B10C47300D9998F /* PrimaryTextField.swift in Sources */ = {isa = PBXBuildFile; fileRef = 5A81F4812B10C47300D9998F /* PrimaryTextField.swift */; };
		5A81F4842B10CA0200D9998F /* PrimaryButton.swift in Sources */ = {isa = PBXBuildFile; fileRef = 5A81F4832B10CA0200D9998F /* PrimaryButton.swift */; };
		5A81F4862B10D03100D9998F /* CreateRoomViewModel.swift in Sources */ = {isa = PBXBuildFile; fileRef = 5A81F4852B10D03100D9998F /* CreateRoomViewModel.swift */; };
		5A81F4892B10D29200D9998F /* JoinInRoomView.swift in Sources */ = {isa = PBXBuildFile; fileRef = 5A81F4882B10D29200D9998F /* JoinInRoomView.swift */; };
		5A81F48B2B10D63600D9998F /* GetRoomByKeyQuery.graphql.swift in Sources */ = {isa = PBXBuildFile; fileRef = 5A81F48A2B10D63600D9998F /* GetRoomByKeyQuery.graphql.swift */; };
		5A81F48D2B10DAC500D9998F /* RoomRowView.swift in Sources */ = {isa = PBXBuildFile; fileRef = 5A81F48C2B10DAC500D9998F /* RoomRowView.swift */; };
		5A81F48F2B10E44400D9998F /* Helpers.swift in Sources */ = {isa = PBXBuildFile; fileRef = 5A81F48E2B10E44400D9998F /* Helpers.swift */; };
		5A81F4912B10EACD00D9998F /* UpdateCurrentUserMutation.graphql.swift in Sources */ = {isa = PBXBuildFile; fileRef = 5A81F4902B10EACD00D9998F /* UpdateCurrentUserMutation.graphql.swift */; };
/* End PBXBuildFile section */

/* Begin PBXFileReference section */
		5A58E7872B1121ED00D0723C /* LazyNukeImage.swift */ = {isa = PBXFileReference; lastKnownFileType = sourcecode.swift; path = LazyNukeImage.swift; sourceTree = "<group>"; };
		5A58E78A2B1131BF00D0723C /* AudioRoomView.swift */ = {isa = PBXFileReference; lastKnownFileType = sourcecode.swift; path = AudioRoomView.swift; sourceTree = "<group>"; };
		5A58E78C2B11327200D0723C /* RoomViewModel.swift */ = {isa = PBXFileReference; lastKnownFileType = sourcecode.swift; path = RoomViewModel.swift; sourceTree = "<group>"; };
		5A58E78F2B1135B200D0723C /* RoomTabView.swift */ = {isa = PBXFileReference; lastKnownFileType = sourcecode.swift; path = RoomTabView.swift; sourceTree = "<group>"; };
		5A58E7912B11373400D0723C /* UIApplication.swift */ = {isa = PBXFileReference; lastKnownFileType = sourcecode.swift; path = UIApplication.swift; sourceTree = "<group>"; };
		5A58E7942B1139D000D0723C /* PlayerView.swift */ = {isa = PBXFileReference; lastKnownFileType = sourcecode.swift; path = PlayerView.swift; sourceTree = "<group>"; };
		5A58E7962B113AEE00D0723C /* RoomPlayerState.swift */ = {isa = PBXFileReference; lastKnownFileType = sourcecode.swift; path = RoomPlayerState.swift; sourceTree = "<group>"; };
		5A58E7982B114C3F00D0723C /* ParticlesModifier.swift */ = {isa = PBXFileReference; lastKnownFileType = sourcecode.swift; path = ParticlesModifier.swift; sourceTree = "<group>"; };
		5A58E79A2B114C5800D0723C /* Task.swift */ = {isa = PBXFileReference; lastKnownFileType = sourcecode.swift; path = Task.swift; sourceTree = "<group>"; };
		5A58E79D2B114E2A00D0723C /* Message.swift */ = {isa = PBXFileReference; lastKnownFileType = sourcecode.swift; path = Message.swift; sourceTree = "<group>"; };
		5A58E7A12B115A0B00D0723C /* MembersView.swift */ = {isa = PBXFileReference; lastKnownFileType = sourcecode.swift; path = MembersView.swift; sourceTree = "<group>"; };
		5A58E7A32B115A9300D0723C /* UserAvatarView.swift */ = {isa = PBXFileReference; lastKnownFileType = sourcecode.swift; path = UserAvatarView.swift; sourceTree = "<group>"; };
		5A58E7A52B115D8100D0723C /* PlaylistView.swift */ = {isa = PBXFileReference; lastKnownFileType = sourcecode.swift; path = PlaylistView.swift; sourceTree = "<group>"; };
		5A58E7A72B115F1E00D0723C /* SoundWaveView.swift */ = {isa = PBXFileReference; lastKnownFileType = sourcecode.swift; path = SoundWaveView.swift; sourceTree = "<group>"; };
		5A58E7A92B116B0800D0723C /* RoomChatView.swift */ = {isa = PBXFileReference; lastKnownFileType = sourcecode.swift; path = RoomChatView.swift; sourceTree = "<group>"; };
		5A58E7AB2B116B3B00D0723C /* RoomChatViewModel.swift */ = {isa = PBXFileReference; lastKnownFileType = sourcecode.swift; path = RoomChatViewModel.swift; sourceTree = "<group>"; };
		5A58E7AE2B116C2500D0723C /* BottomBarView.swift */ = {isa = PBXFileReference; lastKnownFileType = sourcecode.swift; path = BottomBarView.swift; sourceTree = "<group>"; };
		5A58E7B02B1174D200D0723C /* MessageRowView.swift */ = {isa = PBXFileReference; lastKnownFileType = sourcecode.swift; path = MessageRowView.swift; sourceTree = "<group>"; };
		5A58E7B22B117CB300D0723C /* MessageContextMenu.swift */ = {isa = PBXFileReference; lastKnownFileType = sourcecode.swift; path = MessageContextMenu.swift; sourceTree = "<group>"; };
		5A58E7B42B117CD000D0723C /* EmojiReactionView.swift */ = {isa = PBXFileReference; lastKnownFileType = sourcecode.swift; path = EmojiReactionView.swift; sourceTree = "<group>"; };
		5A58E7B62B11F04D00D0723C /* ShareUtils.swift */ = {isa = PBXFileReference; lastKnownFileType = sourcecode.swift; path = ShareUtils.swift; sourceTree = "<group>"; };
		5A58E7B92B11F45200D0723C /* RoomType.graphql.swift */ = {isa = PBXFileReference; fileEncoding = 4; lastKnownFileType = sourcecode.swift; path = RoomType.graphql.swift; sourceTree = "<group>"; };
		5A58E7BB2B11F54A00D0723C /* String.swift */ = {isa = PBXFileReference; lastKnownFileType = sourcecode.swift; path = String.swift; sourceTree = "<group>"; };
		5A58E7BE2B120C2B00D0723C /* AddTrackView.swift */ = {isa = PBXFileReference; lastKnownFileType = sourcecode.swift; path = AddTrackView.swift; sourceTree = "<group>"; };
		5A58E7C02B120C3F00D0723C /* AddTrackViewModel.swift */ = {isa = PBXFileReference; lastKnownFileType = sourcecode.swift; path = AddTrackViewModel.swift; sourceTree = "<group>"; };
		5A58E7C32B1215BA00D0723C /* Playlist.swift */ = {isa = PBXFileReference; lastKnownFileType = sourcecode.swift; path = Playlist.swift; sourceTree = "<group>"; };
		5A58E7C52B126EC600D0723C /* Hack-Change23Track1-Info.plist */ = {isa = PBXFileReference; lastKnownFileType = text.plist; path = "Hack-Change23Track1-Info.plist"; sourceTree = SOURCE_ROOT; };
		5A58E7C72B12724700D0723C /* RoomSettingsView.swift */ = {isa = PBXFileReference; lastKnownFileType = sourcecode.swift; path = RoomSettingsView.swift; sourceTree = "<group>"; };
		5A58E7C92B12824E00D0723C /* UpdateRoomMutation.graphql.swift */ = {isa = PBXFileReference; fileEncoding = 4; lastKnownFileType = sourcecode.swift; path = UpdateRoomMutation.graphql.swift; sourceTree = "<group>"; };
		5A58E7CB2B12826800D0723C /* AllStickersQuery.graphql.swift */ = {isa = PBXFileReference; fileEncoding = 4; lastKnownFileType = sourcecode.swift; path = AllStickersQuery.graphql.swift; sourceTree = "<group>"; };
		5A58E7CD2B12832300D0723C /* RoomTemplate.swift */ = {isa = PBXFileReference; lastKnownFileType = sourcecode.swift; path = RoomTemplate.swift; sourceTree = "<group>"; };
		5A58E7CF2B1283C500D0723C /* StickerPack.graphql.swift */ = {isa = PBXFileReference; fileEncoding = 4; lastKnownFileType = sourcecode.swift; path = StickerPack.graphql.swift; sourceTree = "<group>"; };
		5A58E7D12B1287AB00D0723C /* ShareSheet.swift */ = {isa = PBXFileReference; lastKnownFileType = sourcecode.swift; path = ShareSheet.swift; sourceTree = "<group>"; };
		5A81F3D22B1091AA00D9998F /* Hack&Change23Track1.app */ = {isa = PBXFileReference; explicitFileType = wrapper.application; includeInIndex = 0; path = "Hack&Change23Track1.app"; sourceTree = BUILT_PRODUCTS_DIR; };
		5A81F3D52B1091AA00D9998F /* Hack_Change23Track1App.swift */ = {isa = PBXFileReference; lastKnownFileType = sourcecode.swift; path = Hack_Change23Track1App.swift; sourceTree = "<group>"; };
		5A81F3D72B1091AA00D9998F /* ContentView.swift */ = {isa = PBXFileReference; lastKnownFileType = sourcecode.swift; path = ContentView.swift; sourceTree = "<group>"; };
		5A81F3D92B1091AB00D9998F /* Assets.xcassets */ = {isa = PBXFileReference; lastKnownFileType = folder.assetcatalog; path = Assets.xcassets; sourceTree = "<group>"; };
		5A81F3DC2B1091AB00D9998F /* Preview Assets.xcassets */ = {isa = PBXFileReference; lastKnownFileType = folder.assetcatalog; path = "Preview Assets.xcassets"; sourceTree = "<group>"; };
		5A81F3FB2B1097BA00D9998F /* View.swift */ = {isa = PBXFileReference; lastKnownFileType = sourcecode.swift; path = View.swift; sourceTree = "<group>"; };
		5A81F3FD2B1097DC00D9998F /* Double.swift */ = {isa = PBXFileReference; lastKnownFileType = sourcecode.swift; path = Double.swift; sourceTree = "<group>"; };
		5A81F3FF2B1097EB00D9998F /* Color.swift */ = {isa = PBXFileReference; lastKnownFileType = sourcecode.swift; path = Color.swift; sourceTree = "<group>"; };
		5A81F4012B10980300D9998F /* DecoderEncoderHelper.swift */ = {isa = PBXFileReference; lastKnownFileType = sourcecode.swift; path = DecoderEncoderHelper.swift; sourceTree = "<group>"; };
		5A81F4032B10983A00D9998F /* RemoteCommandHelper.swift */ = {isa = PBXFileReference; lastKnownFileType = sourcecode.swift; path = RemoteCommandHelper.swift; sourceTree = "<group>"; };
		5A81F4082B1098FD00D9998F /* Config.swift */ = {isa = PBXFileReference; lastKnownFileType = sourcecode.swift; path = Config.swift; sourceTree = "<group>"; };
		5A81F40A2B109A1700D9998F /* WebRTCClient.swift */ = {isa = PBXFileReference; lastKnownFileType = sourcecode.swift; path = WebRTCClient.swift; sourceTree = "<group>"; };
		5A81F40D2B109CEC00D9998F /* SessionDescription.swift */ = {isa = PBXFileReference; lastKnownFileType = sourcecode.swift; path = SessionDescription.swift; sourceTree = "<group>"; };
		5A81F4122B109FF900D9998F /* IceCandidate.swift */ = {isa = PBXFileReference; lastKnownFileType = sourcecode.swift; path = IceCandidate.swift; sourceTree = "<group>"; };
		5A81F4142B10A2D000D9998F /* apollo-codegen-config.json */ = {isa = PBXFileReference; lastKnownFileType = text.json; path = "apollo-codegen-config.json"; sourceTree = "<group>"; };
		5A81F4162B10A3A700D9998F /* schema.graphqls */ = {isa = PBXFileReference; fileEncoding = 4; lastKnownFileType = text; name = schema.graphqls; path = GraphqlAPI/schema.graphqls; sourceTree = "<group>"; };
		5A81F4182B10A43800D9998F /* operations.graphql */ = {isa = PBXFileReference; lastKnownFileType = text; path = operations.graphql; sourceTree = "<group>"; };
		5A81F41D2B10A49C00D9998F /* RoomAttrs.graphql.swift */ = {isa = PBXFileReference; fileEncoding = 4; lastKnownFileType = sourcecode.swift; path = RoomAttrs.graphql.swift; sourceTree = "<group>"; };
		5A81F41E2B10A49C00D9998F /* PlayerItemAttrs.graphql.swift */ = {isa = PBXFileReference; fileEncoding = 4; lastKnownFileType = sourcecode.swift; path = PlayerItemAttrs.graphql.swift; sourceTree = "<group>"; };
		5A81F41F2B10A49C00D9998F /* FileAttrs.graphql.swift */ = {isa = PBXFileReference; fileEncoding = 4; lastKnownFileType = sourcecode.swift; path = FileAttrs.graphql.swift; sourceTree = "<group>"; };
		5A81F4202B10A49C00D9998F /* UserAttrs.graphql.swift */ = {isa = PBXFileReference; fileEncoding = 4; lastKnownFileType = sourcecode.swift; path = UserAttrs.graphql.swift; sourceTree = "<group>"; };
		5A81F4212B10A49C00D9998F /* SDPClientAttrs.graphql.swift */ = {isa = PBXFileReference; fileEncoding = 4; lastKnownFileType = sourcecode.swift; path = SDPClientAttrs.graphql.swift; sourceTree = "<group>"; };
		5A81F4232B10A49C00D9998F /* LoadAudioMutation.graphql.swift */ = {isa = PBXFileReference; fileEncoding = 4; lastKnownFileType = sourcecode.swift; path = LoadAudioMutation.graphql.swift; sourceTree = "<group>"; };
		5A81F4242B10A49C00D9998F /* RoomActionMutation.graphql.swift */ = {isa = PBXFileReference; fileEncoding = 4; lastKnownFileType = sourcecode.swift; path = RoomActionMutation.graphql.swift; sourceTree = "<group>"; };
		5A81F4252B10A49C00D9998F /* InitConnectionMutation.graphql.swift */ = {isa = PBXFileReference; fileEncoding = 4; lastKnownFileType = sourcecode.swift; path = InitConnectionMutation.graphql.swift; sourceTree = "<group>"; };
		5A81F4262B10A49C00D9998F /* SignInMutation.graphql.swift */ = {isa = PBXFileReference; fileEncoding = 4; lastKnownFileType = sourcecode.swift; path = SignInMutation.graphql.swift; sourceTree = "<group>"; };
		5A81F4272B10A49C00D9998F /* SignUpMutation.graphql.swift */ = {isa = PBXFileReference; fileEncoding = 4; lastKnownFileType = sourcecode.swift; path = SignUpMutation.graphql.swift; sourceTree = "<group>"; };
		5A81F4282B10A49C00D9998F /* DeleteRoomMutation.graphql.swift */ = {isa = PBXFileReference; fileEncoding = 4; lastKnownFileType = sourcecode.swift; path = DeleteRoomMutation.graphql.swift; sourceTree = "<group>"; };
		5A81F4292B10A49C00D9998F /* CreateRoomMutation.graphql.swift */ = {isa = PBXFileReference; fileEncoding = 4; lastKnownFileType = sourcecode.swift; path = CreateRoomMutation.graphql.swift; sourceTree = "<group>"; };
		5A81F42A2B10A49C00D9998F /* LikeRoomMutation.graphql.swift */ = {isa = PBXFileReference; fileEncoding = 4; lastKnownFileType = sourcecode.swift; path = LikeRoomMutation.graphql.swift; sourceTree = "<group>"; };
		5A81F42C2B10A49C00D9998F /* ListRoomsQuery.graphql.swift */ = {isa = PBXFileReference; fileEncoding = 4; lastKnownFileType = sourcecode.swift; path = ListRoomsQuery.graphql.swift; sourceTree = "<group>"; };
		5A81F42D2B10A49C00D9998F /* ListAudioQuery.graphql.swift */ = {isa = PBXFileReference; fileEncoding = 4; lastKnownFileType = sourcecode.swift; path = ListAudioQuery.graphql.swift; sourceTree = "<group>"; };
		5A81F42E2B10A49C00D9998F /* CurrentUserQuery.graphql.swift */ = {isa = PBXFileReference; fileEncoding = 4; lastKnownFileType = sourcecode.swift; path = CurrentUserQuery.graphql.swift; sourceTree = "<group>"; };
		5A81F4302B10A49C00D9998F /* SchemaAPI.graphql.swift */ = {isa = PBXFileReference; fileEncoding = 4; lastKnownFileType = sourcecode.swift; path = SchemaAPI.graphql.swift; sourceTree = "<group>"; };
		5A81F4322B10A49C00D9998F /* PlayFile.graphql.swift */ = {isa = PBXFileReference; fileEncoding = 4; lastKnownFileType = sourcecode.swift; path = PlayFile.graphql.swift; sourceTree = "<group>"; };
		5A81F4332B10A49C00D9998F /* User.graphql.swift */ = {isa = PBXFileReference; fileEncoding = 4; lastKnownFileType = sourcecode.swift; path = User.graphql.swift; sourceTree = "<group>"; };
		5A81F4342B10A49C00D9998F /* RootMutationType.graphql.swift */ = {isa = PBXFileReference; fileEncoding = 4; lastKnownFileType = sourcecode.swift; path = RootMutationType.graphql.swift; sourceTree = "<group>"; };
		5A81F4352B10A49C00D9998F /* ClientSDP.graphql.swift */ = {isa = PBXFileReference; fileEncoding = 4; lastKnownFileType = sourcecode.swift; path = ClientSDP.graphql.swift; sourceTree = "<group>"; };
		5A81F4362B10A49C00D9998F /* Audio.graphql.swift */ = {isa = PBXFileReference; fileEncoding = 4; lastKnownFileType = sourcecode.swift; path = Audio.graphql.swift; sourceTree = "<group>"; };
		5A81F4372B10A49C00D9998F /* RootQueryType.graphql.swift */ = {isa = PBXFileReference; fileEncoding = 4; lastKnownFileType = sourcecode.swift; path = RootQueryType.graphql.swift; sourceTree = "<group>"; };
		5A81F4382B10A49C00D9998F /* Room.graphql.swift */ = {isa = PBXFileReference; fileEncoding = 4; lastKnownFileType = sourcecode.swift; path = Room.graphql.swift; sourceTree = "<group>"; };
		5A81F4392B10A49C00D9998F /* Token.graphql.swift */ = {isa = PBXFileReference; fileEncoding = 4; lastKnownFileType = sourcecode.swift; path = Token.graphql.swift; sourceTree = "<group>"; };
		5A81F43A2B10A49C00D9998F /* SchemaConfiguration.swift */ = {isa = PBXFileReference; fileEncoding = 4; lastKnownFileType = sourcecode.swift; path = SchemaConfiguration.swift; sourceTree = "<group>"; };
		5A81F43C2B10A49C00D9998F /* ServerSDP.graphql.swift */ = {isa = PBXFileReference; fileEncoding = 4; lastKnownFileType = sourcecode.swift; path = ServerSDP.graphql.swift; sourceTree = "<group>"; };
		5A81F43D2B10A49C00D9998F /* SchemaMetadata.graphql.swift */ = {isa = PBXFileReference; fileEncoding = 4; lastKnownFileType = sourcecode.swift; path = SchemaMetadata.graphql.swift; sourceTree = "<group>"; };
		5A81F45D2B10B75F00D9998F /* RoomDataService.swift */ = {isa = PBXFileReference; lastKnownFileType = sourcecode.swift; path = RoomDataService.swift; sourceTree = "<group>"; };
		5A81F45F2B10B79500D9998F /* UserDataService.swift */ = {isa = PBXFileReference; lastKnownFileType = sourcecode.swift; path = UserDataService.swift; sourceTree = "<group>"; };
		5A81F4622B10B95000D9998F /* AuthView.swift */ = {isa = PBXFileReference; lastKnownFileType = sourcecode.swift; path = AuthView.swift; sourceTree = "<group>"; };
		5A81F4652B10B98500D9998F /* AuthManager.swift */ = {isa = PBXFileReference; lastKnownFileType = sourcecode.swift; path = AuthManager.swift; sourceTree = "<group>"; };
		5A81F4672B10B9A900D9998F /* AppAlert.swift */ = {isa = PBXFileReference; lastKnownFileType = sourcecode.swift; path = AppAlert.swift; sourceTree = "<group>"; };
		5A81F4692B10BA8100D9998F /* ApolloClient.swift */ = {isa = PBXFileReference; lastKnownFileType = sourcecode.swift; path = ApolloClient.swift; sourceTree = "<group>"; };
		5A81F46B2B10BABB00D9998F /* Apollo+Extensions.swift */ = {isa = PBXFileReference; lastKnownFileType = sourcecode.swift; path = "Apollo+Extensions.swift"; sourceTree = "<group>"; };
		5A81F46D2B10BB9D00D9998F /* UserManager.swift */ = {isa = PBXFileReference; lastKnownFileType = sourcecode.swift; path = UserManager.swift; sourceTree = "<group>"; };
		5A81F4702B10BBC800D9998F /* RoomMember.swift */ = {isa = PBXFileReference; lastKnownFileType = sourcecode.swift; path = RoomMember.swift; sourceTree = "<group>"; };
		5A81F4732B10BC9E00D9998F /* RootContainerView.swift */ = {isa = PBXFileReference; lastKnownFileType = sourcecode.swift; path = RootContainerView.swift; sourceTree = "<group>"; };
		5A81F4772B10BD0800D9998F /* ProfileView.swift */ = {isa = PBXFileReference; lastKnownFileType = sourcecode.swift; path = ProfileView.swift; sourceTree = "<group>"; };
		5A81F4792B10BD1500D9998F /* RoomsView.swift */ = {isa = PBXFileReference; lastKnownFileType = sourcecode.swift; path = RoomsView.swift; sourceTree = "<group>"; };
		5A81F47B2B10C07D00D9998F /* RoomsViewModel.swift */ = {isa = PBXFileReference; lastKnownFileType = sourcecode.swift; path = RoomsViewModel.swift; sourceTree = "<group>"; };
		5A81F47D2B10C0BB00D9998F /* CreateRoomView.swift */ = {isa = PBXFileReference; lastKnownFileType = sourcecode.swift; path = CreateRoomView.swift; sourceTree = "<group>"; };
		5A81F47F2B10C36600D9998F /* Font.swift */ = {isa = PBXFileReference; lastKnownFileType = sourcecode.swift; path = Font.swift; sourceTree = "<group>"; };
		5A81F4812B10C47300D9998F /* PrimaryTextField.swift */ = {isa = PBXFileReference; lastKnownFileType = sourcecode.swift; path = PrimaryTextField.swift; sourceTree = "<group>"; };
		5A81F4832B10CA0200D9998F /* PrimaryButton.swift */ = {isa = PBXFileReference; lastKnownFileType = sourcecode.swift; path = PrimaryButton.swift; sourceTree = "<group>"; };
		5A81F4852B10D03100D9998F /* CreateRoomViewModel.swift */ = {isa = PBXFileReference; lastKnownFileType = sourcecode.swift; path = CreateRoomViewModel.swift; sourceTree = "<group>"; };
		5A81F4882B10D29200D9998F /* JoinInRoomView.swift */ = {isa = PBXFileReference; lastKnownFileType = sourcecode.swift; path = JoinInRoomView.swift; sourceTree = "<group>"; };
		5A81F48A2B10D63600D9998F /* GetRoomByKeyQuery.graphql.swift */ = {isa = PBXFileReference; fileEncoding = 4; lastKnownFileType = sourcecode.swift; path = GetRoomByKeyQuery.graphql.swift; sourceTree = "<group>"; };
		5A81F48C2B10DAC500D9998F /* RoomRowView.swift */ = {isa = PBXFileReference; lastKnownFileType = sourcecode.swift; path = RoomRowView.swift; sourceTree = "<group>"; };
		5A81F48E2B10E44400D9998F /* Helpers.swift */ = {isa = PBXFileReference; lastKnownFileType = sourcecode.swift; path = Helpers.swift; sourceTree = "<group>"; };
		5A81F4902B10EACD00D9998F /* UpdateCurrentUserMutation.graphql.swift */ = {isa = PBXFileReference; fileEncoding = 4; lastKnownFileType = sourcecode.swift; path = UpdateCurrentUserMutation.graphql.swift; sourceTree = "<group>"; };
/* End PBXFileReference section */

/* Begin PBXFrameworksBuildPhase section */
		5A81F3CF2B1091AA00D9998F /* Frameworks */ = {
			isa = PBXFrameworksBuildPhase;
			buildActionMask = 2147483647;
			files = (
				5A58E7862B1121A200D0723C /* NukeUI in Frameworks */,
				5A58E7802B11217100D0723C /* Apollo in Frameworks */,
				5A58E7832B11218400D0723C /* WebRTC in Frameworks */,
			);
			runOnlyForDeploymentPostprocessing = 0;
		};
/* End PBXFrameworksBuildPhase section */

/* Begin PBXGroup section */
		5A58E7892B1131A100D0723C /* AudioRoom */ = {
			isa = PBXGroup;
			children = (
				5A58E7C62B12722F00D0723C /* RoomSettings */,
				5A58E7BD2B120B7400D0723C /* PlaylistView */,
				5A58E7932B1137F900D0723C /* RoomChat */,
				5A58E78E2B1135A600D0723C /* RoomComponents */,
				5A58E78A2B1131BF00D0723C /* AudioRoomView.swift */,
				5A58E78C2B11327200D0723C /* RoomViewModel.swift */,
			);
			path = AudioRoom;
			sourceTree = "<group>";
		};
		5A58E78E2B1135A600D0723C /* RoomComponents */ = {
			isa = PBXGroup;
			children = (
				5A58E78F2B1135B200D0723C /* RoomTabView.swift */,
				5A58E7942B1139D000D0723C /* PlayerView.swift */,
				5A58E7A12B115A0B00D0723C /* MembersView.swift */,
			);
			path = RoomComponents;
			sourceTree = "<group>";
		};
		5A58E7932B1137F900D0723C /* RoomChat */ = {
			isa = PBXGroup;
			children = (
				5A58E7AD2B116C0D00D0723C /* Components */,
				5A58E7A92B116B0800D0723C /* RoomChatView.swift */,
				5A58E7AB2B116B3B00D0723C /* RoomChatViewModel.swift */,
			);
			path = RoomChat;
			sourceTree = "<group>";
		};
		5A58E79C2B114E2300D0723C /* Chat */ = {
			isa = PBXGroup;
			children = (
				5A58E79D2B114E2A00D0723C /* Message.swift */,
			);
			path = Chat;
			sourceTree = "<group>";
		};
		5A58E7AD2B116C0D00D0723C /* Components */ = {
			isa = PBXGroup;
			children = (
				5A58E7AE2B116C2500D0723C /* BottomBarView.swift */,
				5A58E7B02B1174D200D0723C /* MessageRowView.swift */,
				5A58E7B22B117CB300D0723C /* MessageContextMenu.swift */,
				5A58E7B42B117CD000D0723C /* EmojiReactionView.swift */,
			);
			path = Components;
			sourceTree = "<group>";
		};
		5A58E7B82B11F45200D0723C /* Enums */ = {
			isa = PBXGroup;
			children = (
				5A58E7B92B11F45200D0723C /* RoomType.graphql.swift */,
			);
			path = Enums;
			sourceTree = "<group>";
		};
		5A58E7BD2B120B7400D0723C /* PlaylistView */ = {
			isa = PBXGroup;
			children = (
				5A58E7A52B115D8100D0723C /* PlaylistView.swift */,
				5A58E7BE2B120C2B00D0723C /* AddTrackView.swift */,
				5A58E7C02B120C3F00D0723C /* AddTrackViewModel.swift */,
			);
			path = PlaylistView;
			sourceTree = "<group>";
		};
		5A58E7C22B12156600D0723C /* Playlist */ = {
			isa = PBXGroup;
			children = (
				5A58E7C32B1215BA00D0723C /* Playlist.swift */,
			);
			path = Playlist;
			sourceTree = "<group>";
		};
		5A58E7C62B12722F00D0723C /* RoomSettings */ = {
			isa = PBXGroup;
			children = (
				5A58E7C72B12724700D0723C /* RoomSettingsView.swift */,
			);
			path = RoomSettings;
			sourceTree = "<group>";
		};
		5A81F3C92B1091AA00D9998F = {
			isa = PBXGroup;
			children = (
				5A81F3D42B1091AA00D9998F /* Hack&Change23Track1 */,
				5A81F3D32B1091AA00D9998F /* Products */,
			);
			sourceTree = "<group>";
		};
		5A81F3D32B1091AA00D9998F /* Products */ = {
			isa = PBXGroup;
			children = (
				5A81F3D22B1091AA00D9998F /* Hack&Change23Track1.app */,
			);
			name = Products;
			sourceTree = "<group>";
		};
		5A81F3D42B1091AA00D9998F /* Hack&Change23Track1 */ = {
			isa = PBXGroup;
			children = (
				5A58E7C52B126EC600D0723C /* Hack-Change23Track1-Info.plist */,
				5A81F4052B1098B200D9998F /* GraphqlAPI */,
				5A81F3F22B1096F200D9998F /* App */,
				5A81F3F82B10975300D9998F /* Utils */,
				5A81F3F32B10970700D9998F /* Services */,
				5A81F3F42B10971700D9998F /* Source */,
				5A81F3D92B1091AB00D9998F /* Assets.xcassets */,
				5A81F3DB2B1091AB00D9998F /* Preview Content */,
			);
			path = "Hack&Change23Track1";
			sourceTree = "<group>";
		};
		5A81F3DB2B1091AB00D9998F /* Preview Content */ = {
			isa = PBXGroup;
			children = (
				5A81F3DC2B1091AB00D9998F /* Preview Assets.xcassets */,
			);
			path = "Preview Content";
			sourceTree = "<group>";
		};
		5A81F3F22B1096F200D9998F /* App */ = {
			isa = PBXGroup;
			children = (
				5A81F3D52B1091AA00D9998F /* Hack_Change23Track1App.swift */,
				5A81F3D72B1091AA00D9998F /* ContentView.swift */,
				5A81F4082B1098FD00D9998F /* Config.swift */,
			);
			path = App;
			sourceTree = "<group>";
		};
		5A81F3F32B10970700D9998F /* Services */ = {
			isa = PBXGroup;
			children = (
				5A81F45A2B10B72600D9998F /* ApiServices */,
				5A81F40C2B109C9100D9998F /* WebRTCClient */,
			);
			path = Services;
			sourceTree = "<group>";
		};
		5A81F3F42B10971700D9998F /* Source */ = {
			isa = PBXGroup;
			children = (
				5A81F3F52B10973000D9998F /* Models */,
				5A81F4642B10B97200D9998F /* Managers */,
				5A81F3F62B10973300D9998F /* Modules */,
				5A81F3F72B10973B00D9998F /* ViewComponents */,
			);
			path = Source;
			sourceTree = "<group>";
		};
		5A81F3F52B10973000D9998F /* Models */ = {
			isa = PBXGroup;
			children = (
				5A58E7C22B12156600D0723C /* Playlist */,
				5A58E79C2B114E2300D0723C /* Chat */,
				5A81F46F2B10BBBD00D9998F /* Room */,
			);
			path = Models;
			sourceTree = "<group>";
		};
		5A81F3F62B10973300D9998F /* Modules */ = {
			isa = PBXGroup;
			children = (
				5A81F4612B10B91D00D9998F /* Auth */,
				5A81F4722B10BC8100D9998F /* RootContainer */,
				5A58E7892B1131A100D0723C /* AudioRoom */,
				5A81F4762B10BCF300D9998F /* Rooms */,
				5A81F4752B10BCEB00D9998F /* Profile */,
			);
			path = Modules;
			sourceTree = "<group>";
		};
		5A81F3F72B10973B00D9998F /* ViewComponents */ = {
			isa = PBXGroup;
			children = (
				5A81F4672B10B9A900D9998F /* AppAlert.swift */,
				5A81F4812B10C47300D9998F /* PrimaryTextField.swift */,
				5A81F4832B10CA0200D9998F /* PrimaryButton.swift */,
				5A58E7872B1121ED00D0723C /* LazyNukeImage.swift */,
				5A58E7982B114C3F00D0723C /* ParticlesModifier.swift */,
				5A58E7A32B115A9300D0723C /* UserAvatarView.swift */,
				5A58E7A72B115F1E00D0723C /* SoundWaveView.swift */,
				5A58E7D12B1287AB00D0723C /* ShareSheet.swift */,
			);
			path = ViewComponents;
			sourceTree = "<group>";
		};
		5A81F3F82B10975300D9998F /* Utils */ = {
			isa = PBXGroup;
			children = (
				5A81F3FA2B1097A100D9998F /* Extensions */,
				5A81F3F92B10979900D9998F /* Helpers */,
			);
			path = Utils;
			sourceTree = "<group>";
		};
		5A81F3F92B10979900D9998F /* Helpers */ = {
			isa = PBXGroup;
			children = (
				5A81F4012B10980300D9998F /* DecoderEncoderHelper.swift */,
				5A81F4032B10983A00D9998F /* RemoteCommandHelper.swift */,
				5A81F48E2B10E44400D9998F /* Helpers.swift */,
				5A58E7B62B11F04D00D0723C /* ShareUtils.swift */,
			);
			path = Helpers;
			sourceTree = "<group>";
		};
		5A81F3FA2B1097A100D9998F /* Extensions */ = {
			isa = PBXGroup;
			children = (
				5A81F3FB2B1097BA00D9998F /* View.swift */,
				5A81F3FD2B1097DC00D9998F /* Double.swift */,
				5A81F3FF2B1097EB00D9998F /* Color.swift */,
				5A81F47F2B10C36600D9998F /* Font.swift */,
				5A58E7912B11373400D0723C /* UIApplication.swift */,
				5A58E79A2B114C5800D0723C /* Task.swift */,
				5A58E7BB2B11F54A00D0723C /* String.swift */,
			);
			path = Extensions;
			sourceTree = "<group>";
		};
		5A81F4052B1098B200D9998F /* GraphqlAPI */ = {
			isa = PBXGroup;
			children = (
				5A81F41A2B10A49C00D9998F /* generated */,
				5A81F4072B1098E400D9998F /* ApolloClient */,
				5A81F4162B10A3A700D9998F /* schema.graphqls */,
				5A81F4182B10A43800D9998F /* operations.graphql */,
				5A81F4142B10A2D000D9998F /* apollo-codegen-config.json */,
			);
			path = GraphqlAPI;
			sourceTree = "<group>";
		};
		5A81F4072B1098E400D9998F /* ApolloClient */ = {
			isa = PBXGroup;
			children = (
				5A81F4692B10BA8100D9998F /* ApolloClient.swift */,
				5A81F46B2B10BABB00D9998F /* Apollo+Extensions.swift */,
			);
			path = ApolloClient;
			sourceTree = "<group>";
		};
		5A81F40C2B109C9100D9998F /* WebRTCClient */ = {
			isa = PBXGroup;
			children = (
				5A81F40A2B109A1700D9998F /* WebRTCClient.swift */,
				5A81F40D2B109CEC00D9998F /* SessionDescription.swift */,
				5A81F4122B109FF900D9998F /* IceCandidate.swift */,
			);
			path = WebRTCClient;
			sourceTree = "<group>";
		};
		5A81F41A2B10A49C00D9998F /* generated */ = {
			isa = PBXGroup;
			children = (
				5A81F41B2B10A49C00D9998F /* operations */,
				5A81F42F2B10A49C00D9998F /* schema */,
			);
			name = generated;
			path = GraphqlAPI/generated;
			sourceTree = "<group>";
		};
		5A81F41B2B10A49C00D9998F /* operations */ = {
			isa = PBXGroup;
			children = (
				5A81F41C2B10A49C00D9998F /* Fragments */,
				5A81F4222B10A49C00D9998F /* Mutations */,
				5A81F42B2B10A49C00D9998F /* Queries */,
			);
			path = operations;
			sourceTree = "<group>";
		};
		5A81F41C2B10A49C00D9998F /* Fragments */ = {
			isa = PBXGroup;
			children = (
				5A81F41D2B10A49C00D9998F /* RoomAttrs.graphql.swift */,
				5A81F41E2B10A49C00D9998F /* PlayerItemAttrs.graphql.swift */,
				5A81F41F2B10A49C00D9998F /* FileAttrs.graphql.swift */,
				5A81F4202B10A49C00D9998F /* UserAttrs.graphql.swift */,
				5A81F4212B10A49C00D9998F /* SDPClientAttrs.graphql.swift */,
			);
			path = Fragments;
			sourceTree = "<group>";
		};
		5A81F4222B10A49C00D9998F /* Mutations */ = {
			isa = PBXGroup;
			children = (
				5A58E7C92B12824E00D0723C /* UpdateRoomMutation.graphql.swift */,
				5A81F4902B10EACD00D9998F /* UpdateCurrentUserMutation.graphql.swift */,
				5A81F4232B10A49C00D9998F /* LoadAudioMutation.graphql.swift */,
				5A81F4242B10A49C00D9998F /* RoomActionMutation.graphql.swift */,
				5A81F4252B10A49C00D9998F /* InitConnectionMutation.graphql.swift */,
				5A81F4262B10A49C00D9998F /* SignInMutation.graphql.swift */,
				5A81F4272B10A49C00D9998F /* SignUpMutation.graphql.swift */,
				5A81F4282B10A49C00D9998F /* DeleteRoomMutation.graphql.swift */,
				5A81F4292B10A49C00D9998F /* CreateRoomMutation.graphql.swift */,
				5A81F42A2B10A49C00D9998F /* LikeRoomMutation.graphql.swift */,
			);
			path = Mutations;
			sourceTree = "<group>";
		};
		5A81F42B2B10A49C00D9998F /* Queries */ = {
			isa = PBXGroup;
			children = (
				5A58E7CB2B12826800D0723C /* AllStickersQuery.graphql.swift */,
				5A81F48A2B10D63600D9998F /* GetRoomByKeyQuery.graphql.swift */,
				5A81F42C2B10A49C00D9998F /* ListRoomsQuery.graphql.swift */,
				5A81F42D2B10A49C00D9998F /* ListAudioQuery.graphql.swift */,
				5A81F42E2B10A49C00D9998F /* CurrentUserQuery.graphql.swift */,
			);
			path = Queries;
			sourceTree = "<group>";
		};
		5A81F42F2B10A49C00D9998F /* schema */ = {
			isa = PBXGroup;
			children = (
				5A58E7B82B11F45200D0723C /* Enums */,
				5A81F4302B10A49C00D9998F /* SchemaAPI.graphql.swift */,
				5A81F4312B10A49C00D9998F /* Objects */,
				5A81F43A2B10A49C00D9998F /* SchemaConfiguration.swift */,
				5A81F43B2B10A49C00D9998F /* InputObjects */,
				5A81F43D2B10A49C00D9998F /* SchemaMetadata.graphql.swift */,
			);
			path = schema;
			sourceTree = "<group>";
		};
		5A81F4312B10A49C00D9998F /* Objects */ = {
			isa = PBXGroup;
			children = (
				5A58E7CF2B1283C500D0723C /* StickerPack.graphql.swift */,
				5A81F4322B10A49C00D9998F /* PlayFile.graphql.swift */,
				5A81F4332B10A49C00D9998F /* User.graphql.swift */,
				5A81F4342B10A49C00D9998F /* RootMutationType.graphql.swift */,
				5A81F4352B10A49C00D9998F /* ClientSDP.graphql.swift */,
				5A81F4362B10A49C00D9998F /* Audio.graphql.swift */,
				5A81F4372B10A49C00D9998F /* RootQueryType.graphql.swift */,
				5A81F4382B10A49C00D9998F /* Room.graphql.swift */,
				5A81F4392B10A49C00D9998F /* Token.graphql.swift */,
			);
			path = Objects;
			sourceTree = "<group>";
		};
		5A81F43B2B10A49C00D9998F /* InputObjects */ = {
			isa = PBXGroup;
			children = (
				5A81F43C2B10A49C00D9998F /* ServerSDP.graphql.swift */,
			);
			path = InputObjects;
			sourceTree = "<group>";
		};
		5A81F45A2B10B72600D9998F /* ApiServices */ = {
			isa = PBXGroup;
			children = (
				5A81F45C2B10B75400D9998F /* Room */,
				5A81F45B2B10B75000D9998F /* User */,
			);
			path = ApiServices;
			sourceTree = "<group>";
		};
		5A81F45B2B10B75000D9998F /* User */ = {
			isa = PBXGroup;
			children = (
				5A81F45F2B10B79500D9998F /* UserDataService.swift */,
			);
			path = User;
			sourceTree = "<group>";
		};
		5A81F45C2B10B75400D9998F /* Room */ = {
			isa = PBXGroup;
			children = (
				5A81F45D2B10B75F00D9998F /* RoomDataService.swift */,
			);
			path = Room;
			sourceTree = "<group>";
		};
		5A81F4612B10B91D00D9998F /* Auth */ = {
			isa = PBXGroup;
			children = (
				5A81F4622B10B95000D9998F /* AuthView.swift */,
			);
			path = Auth;
			sourceTree = "<group>";
		};
		5A81F4642B10B97200D9998F /* Managers */ = {
			isa = PBXGroup;
			children = (
				5A81F4652B10B98500D9998F /* AuthManager.swift */,
				5A81F46D2B10BB9D00D9998F /* UserManager.swift */,
			);
			path = Managers;
			sourceTree = "<group>";
		};
		5A81F46F2B10BBBD00D9998F /* Room */ = {
			isa = PBXGroup;
			children = (
				5A81F4702B10BBC800D9998F /* RoomMember.swift */,
				5A58E7962B113AEE00D0723C /* RoomPlayerState.swift */,
				5A58E7CD2B12832300D0723C /* RoomTemplate.swift */,
			);
			path = Room;
			sourceTree = "<group>";
		};
		5A81F4722B10BC8100D9998F /* RootContainer */ = {
			isa = PBXGroup;
			children = (
				5A81F4732B10BC9E00D9998F /* RootContainerView.swift */,
			);
			path = RootContainer;
			sourceTree = "<group>";
		};
		5A81F4752B10BCEB00D9998F /* Profile */ = {
			isa = PBXGroup;
			children = (
				5A81F4772B10BD0800D9998F /* ProfileView.swift */,
			);
			path = Profile;
			sourceTree = "<group>";
		};
		5A81F4762B10BCF300D9998F /* Rooms */ = {
			isa = PBXGroup;
			children = (
				5A81F4872B10D26D00D9998F /* CreateRoom */,
				5A81F4792B10BD1500D9998F /* RoomsView.swift */,
				5A81F47B2B10C07D00D9998F /* RoomsViewModel.swift */,
				5A81F48C2B10DAC500D9998F /* RoomRowView.swift */,
			);
			path = Rooms;
			sourceTree = "<group>";
		};
		5A81F4872B10D26D00D9998F /* CreateRoom */ = {
			isa = PBXGroup;
			children = (
				5A81F4852B10D03100D9998F /* CreateRoomViewModel.swift */,
				5A81F47D2B10C0BB00D9998F /* CreateRoomView.swift */,
				5A81F4882B10D29200D9998F /* JoinInRoomView.swift */,
			);
			path = CreateRoom;
			sourceTree = "<group>";
		};
/* End PBXGroup section */

/* Begin PBXNativeTarget section */
		5A81F3D12B1091AA00D9998F /* Hack&Change23Track1 */ = {
			isa = PBXNativeTarget;
			buildConfigurationList = 5A81F3E02B1091AB00D9998F /* Build configuration list for PBXNativeTarget "Hack&Change23Track1" */;
			buildPhases = (
				5A81F3CE2B1091AA00D9998F /* Sources */,
				5A81F3CF2B1091AA00D9998F /* Frameworks */,
				5A81F3D02B1091AA00D9998F /* Resources */,
			);
			buildRules = (
			);
			dependencies = (
			);
			name = "Hack&Change23Track1";
			packageProductDependencies = (
				5A58E77F2B11217100D0723C /* Apollo */,
				5A58E7822B11218400D0723C /* WebRTC */,
				5A58E7852B1121A200D0723C /* NukeUI */,
			);
			productName = "Hack&Change23Track1";
			productReference = 5A81F3D22B1091AA00D9998F /* Hack&Change23Track1.app */;
			productType = "com.apple.product-type.application";
		};
/* End PBXNativeTarget section */

/* Begin PBXProject section */
		5A81F3CA2B1091AA00D9998F /* Project object */ = {
			isa = PBXProject;
			attributes = {
				BuildIndependentTargetsInParallel = 1;
				LastSwiftUpdateCheck = 1430;
				LastUpgradeCheck = 1430;
				TargetAttributes = {
					5A81F3D12B1091AA00D9998F = {
						CreatedOnToolsVersion = 14.3;
					};
				};
			};
			buildConfigurationList = 5A81F3CD2B1091AA00D9998F /* Build configuration list for PBXProject "Hack&Change23Track1" */;
			compatibilityVersion = "Xcode 14.0";
			developmentRegion = en;
			hasScannedForEncodings = 0;
			knownRegions = (
				en,
				Base,
			);
			mainGroup = 5A81F3C92B1091AA00D9998F;
			packageReferences = (
				5A58E77E2B11217100D0723C /* XCRemoteSwiftPackageReference "apollo-ios" */,
				5A58E7812B11218400D0723C /* XCRemoteSwiftPackageReference "WebRTC" */,
				5A58E7842B1121A200D0723C /* XCRemoteSwiftPackageReference "NukeUI" */,
			);
			productRefGroup = 5A81F3D32B1091AA00D9998F /* Products */;
			projectDirPath = "";
			projectRoot = "";
			targets = (
				5A81F3D12B1091AA00D9998F /* Hack&Change23Track1 */,
			);
		};
/* End PBXProject section */

/* Begin PBXResourcesBuildPhase section */
		5A81F3D02B1091AA00D9998F /* Resources */ = {
			isa = PBXResourcesBuildPhase;
			buildActionMask = 2147483647;
			files = (
				5A81F4192B10A43800D9998F /* operations.graphql in Resources */,
				5A81F4172B10A3A700D9998F /* schema.graphqls in Resources */,
				5A81F4152B10A2D000D9998F /* apollo-codegen-config.json in Resources */,
				5A81F3DD2B1091AB00D9998F /* Preview Assets.xcassets in Resources */,
				5A81F3DA2B1091AB00D9998F /* Assets.xcassets in Resources */,
			);
			runOnlyForDeploymentPostprocessing = 0;
		};
/* End PBXResourcesBuildPhase section */

/* Begin PBXSourcesBuildPhase section */
		5A81F3CE2B1091AA00D9998F /* Sources */ = {
			isa = PBXSourcesBuildPhase;
			buildActionMask = 2147483647;
			files = (
				5A81F4912B10EACD00D9998F /* UpdateCurrentUserMutation.graphql.swift in Sources */,
				5A81F3D82B1091AA00D9998F /* ContentView.swift in Sources */,
				5A81F4452B10A49C00D9998F /* InitConnectionMutation.graphql.swift in Sources */,
				5A81F4562B10A49C00D9998F /* Token.graphql.swift in Sources */,
				5A58E7882B1121ED00D0723C /* LazyNukeImage.swift in Sources */,
				5A81F4042B10983A00D9998F /* RemoteCommandHelper.swift in Sources */,
				5A81F4532B10A49C00D9998F /* Audio.graphql.swift in Sources */,
				5A81F4862B10D03100D9998F /* CreateRoomViewModel.swift in Sources */,
				5A81F4522B10A49C00D9998F /* ClientSDP.graphql.swift in Sources */,
				5A81F46E2B10BB9D00D9998F /* UserManager.swift in Sources */,
				5A81F4462B10A49C00D9998F /* SignInMutation.graphql.swift in Sources */,
				5A81F4502B10A49C00D9998F /* User.graphql.swift in Sources */,
				5A58E7AF2B116C2500D0723C /* BottomBarView.swift in Sources */,
				5A81F4022B10980300D9998F /* DecoderEncoderHelper.swift in Sources */,
				5A58E78B2B1131BF00D0723C /* AudioRoomView.swift in Sources */,
				5A81F4442B10A49C00D9998F /* RoomActionMutation.graphql.swift in Sources */,
				5A81F3D62B1091AA00D9998F /* Hack_Change23Track1App.swift in Sources */,
				5A58E79B2B114C5800D0723C /* Task.swift in Sources */,
				5A81F4802B10C36600D9998F /* Font.swift in Sources */,
				5A58E7C42B1215BA00D0723C /* Playlist.swift in Sources */,
				5A81F4742B10BC9E00D9998F /* RootContainerView.swift in Sources */,
				5A81F4822B10C47300D9998F /* PrimaryTextField.swift in Sources */,
				5A58E7CE2B12832300D0723C /* RoomTemplate.swift in Sources */,
				5A58E7A82B115F1E00D0723C /* SoundWaveView.swift in Sources */,
				5A81F3FE2B1097DC00D9998F /* Double.swift in Sources */,
				5A81F4552B10A49C00D9998F /* Room.graphql.swift in Sources */,
				5A58E7AA2B116B0800D0723C /* RoomChatView.swift in Sources */,
				5A58E7A42B115A9300D0723C /* UserAvatarView.swift in Sources */,
				5A58E7CC2B12826800D0723C /* AllStickersQuery.graphql.swift in Sources */,
				5A58E79E2B114E2A00D0723C /* Message.swift in Sources */,
				5A81F44F2B10A49C00D9998F /* PlayFile.graphql.swift in Sources */,
				5A81F44B2B10A49C00D9998F /* ListRoomsQuery.graphql.swift in Sources */,
				5A58E7902B1135B200D0723C /* RoomTabView.swift in Sources */,
				5A81F44E2B10A49C00D9998F /* SchemaAPI.graphql.swift in Sources */,
				5A81F47C2B10C07D00D9998F /* RoomsViewModel.swift in Sources */,
				5A81F48B2B10D63600D9998F /* GetRoomByKeyQuery.graphql.swift in Sources */,
				5A81F40E2B109CEC00D9998F /* SessionDescription.swift in Sources */,
				5A58E7BF2B120C2B00D0723C /* AddTrackView.swift in Sources */,
				5A58E7922B11373400D0723C /* UIApplication.swift in Sources */,
				5A58E7B72B11F04D00D0723C /* ShareUtils.swift in Sources */,
				5A81F4512B10A49C00D9998F /* RootMutationType.graphql.swift in Sources */,
				5A58E7C12B120C3F00D0723C /* AddTrackViewModel.swift in Sources */,
				5A81F47E2B10C0BB00D9998F /* CreateRoomView.swift in Sources */,
				5A58E7C82B12724700D0723C /* RoomSettingsView.swift in Sources */,
				5A81F40B2B109A1700D9998F /* WebRTCClient.swift in Sources */,
				5A81F44A2B10A49C00D9998F /* LikeRoomMutation.graphql.swift in Sources */,
				5A58E78D2B11327200D0723C /* RoomViewModel.swift in Sources */,
				5A81F4632B10B95000D9998F /* AuthView.swift in Sources */,
				5A81F43F2B10A49C00D9998F /* PlayerItemAttrs.graphql.swift in Sources */,
				5A81F4432B10A49C00D9998F /* LoadAudioMutation.graphql.swift in Sources */,
				5A81F46A2B10BA8100D9998F /* ApolloClient.swift in Sources */,
				5A58E7AC2B116B3B00D0723C /* RoomChatViewModel.swift in Sources */,
				5A81F4542B10A49C00D9998F /* RootQueryType.graphql.swift in Sources */,
				5A81F4092B1098FD00D9998F /* Config.swift in Sources */,
				5A81F47A2B10BD1500D9998F /* RoomsView.swift in Sources */,
				5A58E7952B1139D000D0723C /* PlayerView.swift in Sources */,
				5A81F4002B1097EB00D9998F /* Color.swift in Sources */,
				5A81F43E2B10A49C00D9998F /* RoomAttrs.graphql.swift in Sources */,
				5A81F4412B10A49C00D9998F /* UserAttrs.graphql.swift in Sources */,
				5A81F4482B10A49C00D9998F /* DeleteRoomMutation.graphql.swift in Sources */,
				5A81F4402B10A49C00D9998F /* FileAttrs.graphql.swift in Sources */,
				5A81F4602B10B79500D9998F /* UserDataService.swift in Sources */,
				5A81F3FC2B1097BA00D9998F /* View.swift in Sources */,
				5A81F4492B10A49C00D9998F /* CreateRoomMutation.graphql.swift in Sources */,
				5A58E7992B114C3F00D0723C /* ParticlesModifier.swift in Sources */,
				5A81F4472B10A49C00D9998F /* SignUpMutation.graphql.swift in Sources */,
				5A81F48D2B10DAC500D9998F /* RoomRowView.swift in Sources */,
				5A81F44C2B10A49C00D9998F /* ListAudioQuery.graphql.swift in Sources */,
				5A81F4132B109FF900D9998F /* IceCandidate.swift in Sources */,
				5A58E7D22B1287AB00D0723C /* ShareSheet.swift in Sources */,
				5A81F4892B10D29200D9998F /* JoinInRoomView.swift in Sources */,
				5A58E7B32B117CB300D0723C /* MessageContextMenu.swift in Sources */,
				5A81F4572B10A49C00D9998F /* SchemaConfiguration.swift in Sources */,
				5A81F4712B10BBC800D9998F /* RoomMember.swift in Sources */,
				5A81F4682B10B9A900D9998F /* AppAlert.swift in Sources */,
				5A81F4782B10BD0800D9998F /* ProfileView.swift in Sources */,
				5A81F45E2B10B75F00D9998F /* RoomDataService.swift in Sources */,
				5A81F44D2B10A49C00D9998F /* CurrentUserQuery.graphql.swift in Sources */,
				5A58E7A62B115D8100D0723C /* PlaylistView.swift in Sources */,
				5A81F4422B10A49C00D9998F /* SDPClientAttrs.graphql.swift in Sources */,
				5A58E7BA2B11F45200D0723C /* RoomType.graphql.swift in Sources */,
				5A58E7B12B1174D200D0723C /* MessageRowView.swift in Sources */,
				5A81F46C2B10BABB00D9998F /* Apollo+Extensions.swift in Sources */,
				5A58E7CA2B12824E00D0723C /* UpdateRoomMutation.graphql.swift in Sources */,
				5A58E7D02B1283C500D0723C /* StickerPack.graphql.swift in Sources */,
				5A81F48F2B10E44400D9998F /* Helpers.swift in Sources */,
				5A81F4662B10B98500D9998F /* AuthManager.swift in Sources */,
				5A81F4842B10CA0200D9998F /* PrimaryButton.swift in Sources */,
				5A58E7A22B115A0B00D0723C /* MembersView.swift in Sources */,
				5A58E7972B113AEE00D0723C /* RoomPlayerState.swift in Sources */,
				5A81F4592B10A49C00D9998F /* SchemaMetadata.graphql.swift in Sources */,
				5A58E7BC2B11F54A00D0723C /* String.swift in Sources */,
				5A58E7B52B117CD000D0723C /* EmojiReactionView.swift in Sources */,
				5A81F4582B10A49C00D9998F /* ServerSDP.graphql.swift in Sources */,
			);
			runOnlyForDeploymentPostprocessing = 0;
		};
/* End PBXSourcesBuildPhase section */

/* Begin XCBuildConfiguration section */
		5A81F3DE2B1091AB00D9998F /* Debug */ = {
			isa = XCBuildConfiguration;
			buildSettings = {
				ALWAYS_SEARCH_USER_PATHS = NO;
				CLANG_ANALYZER_NONNULL = YES;
				CLANG_ANALYZER_NUMBER_OBJECT_CONVERSION = YES_AGGRESSIVE;
				CLANG_CXX_LANGUAGE_STANDARD = "gnu++20";
				CLANG_ENABLE_MODULES = YES;
				CLANG_ENABLE_OBJC_ARC = YES;
				CLANG_ENABLE_OBJC_WEAK = YES;
				CLANG_WARN_BLOCK_CAPTURE_AUTORELEASING = YES;
				CLANG_WARN_BOOL_CONVERSION = YES;
				CLANG_WARN_COMMA = YES;
				CLANG_WARN_CONSTANT_CONVERSION = YES;
				CLANG_WARN_DEPRECATED_OBJC_IMPLEMENTATIONS = YES;
				CLANG_WARN_DIRECT_OBJC_ISA_USAGE = YES_ERROR;
				CLANG_WARN_DOCUMENTATION_COMMENTS = YES;
				CLANG_WARN_EMPTY_BODY = YES;
				CLANG_WARN_ENUM_CONVERSION = YES;
				CLANG_WARN_INFINITE_RECURSION = YES;
				CLANG_WARN_INT_CONVERSION = YES;
				CLANG_WARN_NON_LITERAL_NULL_CONVERSION = YES;
				CLANG_WARN_OBJC_IMPLICIT_RETAIN_SELF = YES;
				CLANG_WARN_OBJC_LITERAL_CONVERSION = YES;
				CLANG_WARN_OBJC_ROOT_CLASS = YES_ERROR;
				CLANG_WARN_QUOTED_INCLUDE_IN_FRAMEWORK_HEADER = YES;
				CLANG_WARN_RANGE_LOOP_ANALYSIS = YES;
				CLANG_WARN_STRICT_PROTOTYPES = YES;
				CLANG_WARN_SUSPICIOUS_MOVE = YES;
				CLANG_WARN_UNGUARDED_AVAILABILITY = YES_AGGRESSIVE;
				CLANG_WARN_UNREACHABLE_CODE = YES;
				CLANG_WARN__DUPLICATE_METHOD_MATCH = YES;
				COPY_PHASE_STRIP = NO;
				DEBUG_INFORMATION_FORMAT = dwarf;
				ENABLE_STRICT_OBJC_MSGSEND = YES;
				ENABLE_TESTABILITY = YES;
				GCC_C_LANGUAGE_STANDARD = gnu11;
				GCC_DYNAMIC_NO_PIC = NO;
				GCC_NO_COMMON_BLOCKS = YES;
				GCC_OPTIMIZATION_LEVEL = 0;
				GCC_PREPROCESSOR_DEFINITIONS = (
					"DEBUG=1",
					"$(inherited)",
				);
				GCC_WARN_64_TO_32_BIT_CONVERSION = YES;
				GCC_WARN_ABOUT_RETURN_TYPE = YES_ERROR;
				GCC_WARN_UNDECLARED_SELECTOR = YES;
				GCC_WARN_UNINITIALIZED_AUTOS = YES_AGGRESSIVE;
				GCC_WARN_UNUSED_FUNCTION = YES;
				GCC_WARN_UNUSED_VARIABLE = YES;
				IPHONEOS_DEPLOYMENT_TARGET = 16.4;
				MTL_ENABLE_DEBUG_INFO = INCLUDE_SOURCE;
				MTL_FAST_MATH = YES;
				ONLY_ACTIVE_ARCH = YES;
				SDKROOT = iphoneos;
				SWIFT_ACTIVE_COMPILATION_CONDITIONS = DEBUG;
				SWIFT_OPTIMIZATION_LEVEL = "-Onone";
			};
			name = Debug;
		};
		5A81F3DF2B1091AB00D9998F /* Release */ = {
			isa = XCBuildConfiguration;
			buildSettings = {
				ALWAYS_SEARCH_USER_PATHS = NO;
				CLANG_ANALYZER_NONNULL = YES;
				CLANG_ANALYZER_NUMBER_OBJECT_CONVERSION = YES_AGGRESSIVE;
				CLANG_CXX_LANGUAGE_STANDARD = "gnu++20";
				CLANG_ENABLE_MODULES = YES;
				CLANG_ENABLE_OBJC_ARC = YES;
				CLANG_ENABLE_OBJC_WEAK = YES;
				CLANG_WARN_BLOCK_CAPTURE_AUTORELEASING = YES;
				CLANG_WARN_BOOL_CONVERSION = YES;
				CLANG_WARN_COMMA = YES;
				CLANG_WARN_CONSTANT_CONVERSION = YES;
				CLANG_WARN_DEPRECATED_OBJC_IMPLEMENTATIONS = YES;
				CLANG_WARN_DIRECT_OBJC_ISA_USAGE = YES_ERROR;
				CLANG_WARN_DOCUMENTATION_COMMENTS = YES;
				CLANG_WARN_EMPTY_BODY = YES;
				CLANG_WARN_ENUM_CONVERSION = YES;
				CLANG_WARN_INFINITE_RECURSION = YES;
				CLANG_WARN_INT_CONVERSION = YES;
				CLANG_WARN_NON_LITERAL_NULL_CONVERSION = YES;
				CLANG_WARN_OBJC_IMPLICIT_RETAIN_SELF = YES;
				CLANG_WARN_OBJC_LITERAL_CONVERSION = YES;
				CLANG_WARN_OBJC_ROOT_CLASS = YES_ERROR;
				CLANG_WARN_QUOTED_INCLUDE_IN_FRAMEWORK_HEADER = YES;
				CLANG_WARN_RANGE_LOOP_ANALYSIS = YES;
				CLANG_WARN_STRICT_PROTOTYPES = YES;
				CLANG_WARN_SUSPICIOUS_MOVE = YES;
				CLANG_WARN_UNGUARDED_AVAILABILITY = YES_AGGRESSIVE;
				CLANG_WARN_UNREACHABLE_CODE = YES;
				CLANG_WARN__DUPLICATE_METHOD_MATCH = YES;
				COPY_PHASE_STRIP = NO;
				DEBUG_INFORMATION_FORMAT = "dwarf-with-dsym";
				ENABLE_NS_ASSERTIONS = NO;
				ENABLE_STRICT_OBJC_MSGSEND = YES;
				GCC_C_LANGUAGE_STANDARD = gnu11;
				GCC_NO_COMMON_BLOCKS = YES;
				GCC_WARN_64_TO_32_BIT_CONVERSION = YES;
				GCC_WARN_ABOUT_RETURN_TYPE = YES_ERROR;
				GCC_WARN_UNDECLARED_SELECTOR = YES;
				GCC_WARN_UNINITIALIZED_AUTOS = YES_AGGRESSIVE;
				GCC_WARN_UNUSED_FUNCTION = YES;
				GCC_WARN_UNUSED_VARIABLE = YES;
				IPHONEOS_DEPLOYMENT_TARGET = 16.4;
				MTL_ENABLE_DEBUG_INFO = NO;
				MTL_FAST_MATH = YES;
				SDKROOT = iphoneos;
				SWIFT_COMPILATION_MODE = wholemodule;
				SWIFT_OPTIMIZATION_LEVEL = "-O";
				VALIDATE_PRODUCT = YES;
			};
			name = Release;
		};
		5A81F3E12B1091AB00D9998F /* Debug */ = {
			isa = XCBuildConfiguration;
			buildSettings = {
				ASSETCATALOG_COMPILER_APPICON_NAME = AppIcon;
				ASSETCATALOG_COMPILER_GLOBAL_ACCENT_COLOR_NAME = AccentColor;
				CODE_SIGN_STYLE = Automatic;
				CURRENT_PROJECT_VERSION = 1;
				DEVELOPMENT_ASSET_PATHS = "\"Hack&Change23Track1/Preview Content\"";
				DEVELOPMENT_TEAM = 92PU6D6MCQ;
				ENABLE_PREVIEWS = YES;
				GENERATE_INFOPLIST_FILE = YES;
				INFOPLIST_FILE = "Hack-Change23Track1-Info.plist";
				INFOPLIST_KEY_UIApplicationSceneManifest_Generation = YES;
				INFOPLIST_KEY_UIApplicationSupportsIndirectInputEvents = YES;
				INFOPLIST_KEY_UILaunchScreen_Generation = YES;
				INFOPLIST_KEY_UISupportedInterfaceOrientations_iPad = "UIInterfaceOrientationPortrait UIInterfaceOrientationPortraitUpsideDown UIInterfaceOrientationLandscapeLeft UIInterfaceOrientationLandscapeRight";
				INFOPLIST_KEY_UISupportedInterfaceOrientations_iPhone = "UIInterfaceOrientationPortrait UIInterfaceOrientationLandscapeLeft UIInterfaceOrientationLandscapeRight";
				IPHONEOS_DEPLOYMENT_TARGET = 16.0;
				LD_RUNPATH_SEARCH_PATHS = (
					"$(inherited)",
					"@executable_path/Frameworks",
				);
				MARKETING_VERSION = 1.0;
				PRODUCT_BUNDLE_IDENTIFIER = "com.BogdanZyk.Hack-Change23Track1";
				PRODUCT_NAME = "$(TARGET_NAME)";
				SWIFT_EMIT_LOC_STRINGS = YES;
				SWIFT_VERSION = 5.0;
				TARGETED_DEVICE_FAMILY = "1,2";
			};
			name = Debug;
		};
		5A81F3E22B1091AB00D9998F /* Release */ = {
			isa = XCBuildConfiguration;
			buildSettings = {
				ASSETCATALOG_COMPILER_APPICON_NAME = AppIcon;
				ASSETCATALOG_COMPILER_GLOBAL_ACCENT_COLOR_NAME = AccentColor;
				CODE_SIGN_STYLE = Automatic;
				CURRENT_PROJECT_VERSION = 1;
				DEVELOPMENT_ASSET_PATHS = "\"Hack&Change23Track1/Preview Content\"";
				DEVELOPMENT_TEAM = 92PU6D6MCQ;
				ENABLE_PREVIEWS = YES;
				GENERATE_INFOPLIST_FILE = YES;
				INFOPLIST_FILE = "Hack-Change23Track1-Info.plist";
				INFOPLIST_KEY_UIApplicationSceneManifest_Generation = YES;
				INFOPLIST_KEY_UIApplicationSupportsIndirectInputEvents = YES;
				INFOPLIST_KEY_UILaunchScreen_Generation = YES;
				INFOPLIST_KEY_UISupportedInterfaceOrientations_iPad = "UIInterfaceOrientationPortrait UIInterfaceOrientationPortraitUpsideDown UIInterfaceOrientationLandscapeLeft UIInterfaceOrientationLandscapeRight";
				INFOPLIST_KEY_UISupportedInterfaceOrientations_iPhone = "UIInterfaceOrientationPortrait UIInterfaceOrientationLandscapeLeft UIInterfaceOrientationLandscapeRight";
				IPHONEOS_DEPLOYMENT_TARGET = 16.0;
				LD_RUNPATH_SEARCH_PATHS = (
					"$(inherited)",
					"@executable_path/Frameworks",
				);
				MARKETING_VERSION = 1.0;
				PRODUCT_BUNDLE_IDENTIFIER = "com.BogdanZyk.Hack-Change23Track1";
				PRODUCT_NAME = "$(TARGET_NAME)";
				SWIFT_EMIT_LOC_STRINGS = YES;
				SWIFT_VERSION = 5.0;
				TARGETED_DEVICE_FAMILY = "1,2";
			};
			name = Release;
		};
/* End XCBuildConfiguration section */

/* Begin XCConfigurationList section */
		5A81F3CD2B1091AA00D9998F /* Build configuration list for PBXProject "Hack&Change23Track1" */ = {
			isa = XCConfigurationList;
			buildConfigurations = (
				5A81F3DE2B1091AB00D9998F /* Debug */,
				5A81F3DF2B1091AB00D9998F /* Release */,
			);
			defaultConfigurationIsVisible = 0;
			defaultConfigurationName = Release;
		};
		5A81F3E02B1091AB00D9998F /* Build configuration list for PBXNativeTarget "Hack&Change23Track1" */ = {
			isa = XCConfigurationList;
			buildConfigurations = (
				5A81F3E12B1091AB00D9998F /* Debug */,
				5A81F3E22B1091AB00D9998F /* Release */,
			);
			defaultConfigurationIsVisible = 0;
			defaultConfigurationName = Release;
		};
/* End XCConfigurationList section */

/* Begin XCRemoteSwiftPackageReference section */
		5A58E77E2B11217100D0723C /* XCRemoteSwiftPackageReference "apollo-ios" */ = {
			isa = XCRemoteSwiftPackageReference;
			repositoryURL = "https://github.com/apollographql/apollo-ios.git";
			requirement = {
				kind = upToNextMajorVersion;
				minimumVersion = 1.0.0;
			};
		};
		5A58E7812B11218400D0723C /* XCRemoteSwiftPackageReference "WebRTC" */ = {
			isa = XCRemoteSwiftPackageReference;
			repositoryURL = "https://github.com/stasel/WebRTC";
			requirement = {
				kind = upToNextMajorVersion;
				minimumVersion = 119.0.0;
			};
		};
		5A58E7842B1121A200D0723C /* XCRemoteSwiftPackageReference "NukeUI" */ = {
			isa = XCRemoteSwiftPackageReference;
			repositoryURL = "https://github.com/kean/NukeUI";
			requirement = {
				kind = upToNextMajorVersion;
				minimumVersion = 0.8.3;
			};
		};
/* End XCRemoteSwiftPackageReference section */

/* Begin XCSwiftPackageProductDependency section */
		5A58E77F2B11217100D0723C /* Apollo */ = {
			isa = XCSwiftPackageProductDependency;
			package = 5A58E77E2B11217100D0723C /* XCRemoteSwiftPackageReference "apollo-ios" */;
			productName = Apollo;
		};
		5A58E7822B11218400D0723C /* WebRTC */ = {
			isa = XCSwiftPackageProductDependency;
			package = 5A58E7812B11218400D0723C /* XCRemoteSwiftPackageReference "WebRTC" */;
			productName = WebRTC;
		};
		5A58E7852B1121A200D0723C /* NukeUI */ = {
			isa = XCSwiftPackageProductDependency;
			package = 5A58E7842B1121A200D0723C /* XCRemoteSwiftPackageReference "NukeUI" */;
			productName = NukeUI;
		};
/* End XCSwiftPackageProductDependency section */
	};
	rootObject = 5A81F3CA2B1091AA00D9998F /* Project object */;
}
