// !$*UTF8*$!
{
	archiveVersion = 1;
	classes = {
	};
	objectVersion = 56;
	objects = {

/* Begin PBXBuildFile section */
		5A81F3D62B1091AA00D9998F /* Hack_Change23Track1App.swift in Sources */ = {isa = PBXBuildFile; fileRef = 5A81F3D52B1091AA00D9998F /* Hack_Change23Track1App.swift */; };
		5A81F3D82B1091AA00D9998F /* ContentView.swift in Sources */ = {isa = PBXBuildFile; fileRef = 5A81F3D72B1091AA00D9998F /* ContentView.swift */; };
		5A81F3DA2B1091AB00D9998F /* Assets.xcassets in Resources */ = {isa = PBXBuildFile; fileRef = 5A81F3D92B1091AB00D9998F /* Assets.xcassets */; };
		5A81F3DD2B1091AB00D9998F /* Preview Assets.xcassets in Resources */ = {isa = PBXBuildFile; fileRef = 5A81F3DC2B1091AB00D9998F /* Preview Assets.xcassets */; };
		5A81F3EE2B1096C200D9998F /* WebRTC in Frameworks */ = {isa = PBXBuildFile; productRef = 5A81F3ED2B1096C200D9998F /* WebRTC */; };
		5A81F3F12B1096E800D9998F /* Apollo in Frameworks */ = {isa = PBXBuildFile; productRef = 5A81F3F02B1096E800D9998F /* Apollo */; };
		5A81F3FC2B1097BA00D9998F /* View.swift in Sources */ = {isa = PBXBuildFile; fileRef = 5A81F3FB2B1097BA00D9998F /* View.swift */; };
		5A81F3FE2B1097DC00D9998F /* Double.swift in Sources */ = {isa = PBXBuildFile; fileRef = 5A81F3FD2B1097DC00D9998F /* Double.swift */; };
		5A81F4002B1097EB00D9998F /* Color.swift in Sources */ = {isa = PBXBuildFile; fileRef = 5A81F3FF2B1097EB00D9998F /* Color.swift */; };
		5A81F4022B10980300D9998F /* DecoderEncoderHelper.swift in Sources */ = {isa = PBXBuildFile; fileRef = 5A81F4012B10980300D9998F /* DecoderEncoderHelper.swift */; };
		5A81F4042B10983A00D9998F /* RemoteCommandHelper.swift in Sources */ = {isa = PBXBuildFile; fileRef = 5A81F4032B10983A00D9998F /* RemoteCommandHelper.swift */; };
		5A81F4092B1098FD00D9998F /* Config.swift in Sources */ = {isa = PBXBuildFile; fileRef = 5A81F4082B1098FD00D9998F /* Config.swift */; };
/* End PBXBuildFile section */

/* Begin PBXFileReference section */
		5A81F3D22B1091AA00D9998F /* Hack&Change23Track1.app */ = {isa = PBXFileReference; explicitFileType = wrapper.application; includeInIndex = 0; path = "Hack&Change23Track1.app"; sourceTree = BUILT_PRODUCTS_DIR; };
		5A81F3D52B1091AA00D9998F /* Hack_Change23Track1App.swift */ = {isa = PBXFileReference; lastKnownFileType = sourcecode.swift; path = Hack_Change23Track1App.swift; sourceTree = "<group>"; };
		5A81F3D72B1091AA00D9998F /* ContentView.swift */ = {isa = PBXFileReference; lastKnownFileType = sourcecode.swift; path = ContentView.swift; sourceTree = "<group>"; };
		5A81F3D92B1091AB00D9998F /* Assets.xcassets */ = {isa = PBXFileReference; lastKnownFileType = folder.assetcatalog; path = Assets.xcassets; sourceTree = "<group>"; };
		5A81F3DC2B1091AB00D9998F /* Preview Assets.xcassets */ = {isa = PBXFileReference; lastKnownFileType = folder.assetcatalog; path = "Preview Assets.xcassets"; sourceTree = "<group>"; };
		5A81F3FB2B1097BA00D9998F /* View.swift */ = {isa = PBXFileReference; lastKnownFileType = sourcecode.swift; path = View.swift; sourceTree = "<group>"; };
		5A81F3FD2B1097DC00D9998F /* Double.swift */ = {isa = PBXFileReference; lastKnownFileType = sourcecode.swift; path = Double.swift; sourceTree = "<group>"; };
		5A81F3FF2B1097EB00D9998F /* Color.swift */ = {isa = PBXFileReference; lastKnownFileType = sourcecode.swift; path = Color.swift; sourceTree = "<group>"; };
		5A81F4012B10980300D9998F /* DecoderEncoderHelper.swift */ = {isa = PBXFileReference; lastKnownFileType = sourcecode.swift; path = DecoderEncoderHelper.swift; sourceTree = "<group>"; };
		5A81F4032B10983A00D9998F /* RemoteCommandHelper.swift */ = {isa = PBXFileReference; lastKnownFileType = sourcecode.swift; path = RemoteCommandHelper.swift; sourceTree = "<group>"; };
		5A81F4082B1098FD00D9998F /* Config.swift */ = {isa = PBXFileReference; lastKnownFileType = sourcecode.swift; path = Config.swift; sourceTree = "<group>"; };
/* End PBXFileReference section */

/* Begin PBXFrameworksBuildPhase section */
		5A81F3CF2B1091AA00D9998F /* Frameworks */ = {
			isa = PBXFrameworksBuildPhase;
			buildActionMask = 2147483647;
			files = (
				5A81F3EE2B1096C200D9998F /* WebRTC in Frameworks */,
				5A81F3F12B1096E800D9998F /* Apollo in Frameworks */,
			);
			runOnlyForDeploymentPostprocessing = 0;
		};
/* End PBXFrameworksBuildPhase section */

/* Begin PBXGroup section */
		5A81F3C92B1091AA00D9998F = {
			isa = PBXGroup;
			children = (
				5A81F3D42B1091AA00D9998F /* Hack&Change23Track1 */,
				5A81F3D32B1091AA00D9998F /* Products */,
			);
			sourceTree = "<group>";
		};
		5A81F3D32B1091AA00D9998F /* Products */ = {
			isa = PBXGroup;
			children = (
				5A81F3D22B1091AA00D9998F /* Hack&Change23Track1.app */,
			);
			name = Products;
			sourceTree = "<group>";
		};
		5A81F3D42B1091AA00D9998F /* Hack&Change23Track1 */ = {
			isa = PBXGroup;
			children = (
				5A81F4052B1098B200D9998F /* GraphqlAPI */,
				5A81F3F22B1096F200D9998F /* App */,
				5A81F3F82B10975300D9998F /* Utils */,
				5A81F3F32B10970700D9998F /* Services */,
				5A81F3F42B10971700D9998F /* Modules */,
				5A81F3D92B1091AB00D9998F /* Assets.xcassets */,
				5A81F3DB2B1091AB00D9998F /* Preview Content */,
			);
			path = "Hack&Change23Track1";
			sourceTree = "<group>";
		};
		5A81F3DB2B1091AB00D9998F /* Preview Content */ = {
			isa = PBXGroup;
			children = (
				5A81F3DC2B1091AB00D9998F /* Preview Assets.xcassets */,
			);
			path = "Preview Content";
			sourceTree = "<group>";
		};
		5A81F3F22B1096F200D9998F /* App */ = {
			isa = PBXGroup;
			children = (
				5A81F3D52B1091AA00D9998F /* Hack_Change23Track1App.swift */,
				5A81F3D72B1091AA00D9998F /* ContentView.swift */,
				5A81F4082B1098FD00D9998F /* Config.swift */,
			);
			path = App;
			sourceTree = "<group>";
		};
		5A81F3F32B10970700D9998F /* Services */ = {
			isa = PBXGroup;
			children = (
			);
			path = Services;
			sourceTree = "<group>";
		};
		5A81F3F42B10971700D9998F /* Modules */ = {
			isa = PBXGroup;
			children = (
				5A81F3F52B10973000D9998F /* Models */,
				5A81F3F62B10973300D9998F /* Views */,
				5A81F3F72B10973B00D9998F /* ViewComponents */,
			);
			path = Modules;
			sourceTree = "<group>";
		};
		5A81F3F52B10973000D9998F /* Models */ = {
			isa = PBXGroup;
			children = (
			);
			path = Models;
			sourceTree = "<group>";
		};
		5A81F3F62B10973300D9998F /* Views */ = {
			isa = PBXGroup;
			children = (
			);
			path = Views;
			sourceTree = "<group>";
		};
		5A81F3F72B10973B00D9998F /* ViewComponents */ = {
			isa = PBXGroup;
			children = (
			);
			path = ViewComponents;
			sourceTree = "<group>";
		};
		5A81F3F82B10975300D9998F /* Utils */ = {
			isa = PBXGroup;
			children = (
				5A81F3FA2B1097A100D9998F /* Extensions */,
				5A81F3F92B10979900D9998F /* Helpers */,
			);
			path = Utils;
			sourceTree = "<group>";
		};
		5A81F3F92B10979900D9998F /* Helpers */ = {
			isa = PBXGroup;
			children = (
				5A81F4012B10980300D9998F /* DecoderEncoderHelper.swift */,
				5A81F4032B10983A00D9998F /* RemoteCommandHelper.swift */,
			);
			path = Helpers;
			sourceTree = "<group>";
		};
		5A81F3FA2B1097A100D9998F /* Extensions */ = {
			isa = PBXGroup;
			children = (
				5A81F3FB2B1097BA00D9998F /* View.swift */,
				5A81F3FD2B1097DC00D9998F /* Double.swift */,
				5A81F3FF2B1097EB00D9998F /* Color.swift */,
			);
			path = Extensions;
			sourceTree = "<group>";
		};
		5A81F4052B1098B200D9998F /* GraphqlAPI */ = {
			isa = PBXGroup;
			children = (
				5A81F4072B1098E400D9998F /* ApolloClient */,
			);
			path = GraphqlAPI;
			sourceTree = "<group>";
		};
		5A81F4072B1098E400D9998F /* ApolloClient */ = {
			isa = PBXGroup;
			children = (
			);
			path = ApolloClient;
			sourceTree = "<group>";
		};
/* End PBXGroup section */

/* Begin PBXNativeTarget section */
		5A81F3D12B1091AA00D9998F /* Hack&Change23Track1 */ = {
			isa = PBXNativeTarget;
			buildConfigurationList = 5A81F3E02B1091AB00D9998F /* Build configuration list for PBXNativeTarget "Hack&Change23Track1" */;
			buildPhases = (
				5A81F3CE2B1091AA00D9998F /* Sources */,
				5A81F3CF2B1091AA00D9998F /* Frameworks */,
				5A81F3D02B1091AA00D9998F /* Resources */,
			);
			buildRules = (
			);
			dependencies = (
			);
			name = "Hack&Change23Track1";
			packageProductDependencies = (
				5A81F3ED2B1096C200D9998F /* WebRTC */,
				5A81F3F02B1096E800D9998F /* Apollo */,
			);
			productName = "Hack&Change23Track1";
			productReference = 5A81F3D22B1091AA00D9998F /* Hack&Change23Track1.app */;
			productType = "com.apple.product-type.application";
		};
/* End PBXNativeTarget section */

/* Begin PBXProject section */
		5A81F3CA2B1091AA00D9998F /* Project object */ = {
			isa = PBXProject;
			attributes = {
				BuildIndependentTargetsInParallel = 1;
				LastSwiftUpdateCheck = 1430;
				LastUpgradeCheck = 1430;
				TargetAttributes = {
					5A81F3D12B1091AA00D9998F = {
						CreatedOnToolsVersion = 14.3;
					};
				};
			};
			buildConfigurationList = 5A81F3CD2B1091AA00D9998F /* Build configuration list for PBXProject "Hack&Change23Track1" */;
			compatibilityVersion = "Xcode 14.0";
			developmentRegion = en;
			hasScannedForEncodings = 0;
			knownRegions = (
				en,
				Base,
			);
			mainGroup = 5A81F3C92B1091AA00D9998F;
			packageReferences = (
				5A81F3EC2B1096C200D9998F /* XCRemoteSwiftPackageReference "WebRTC" */,
				5A81F3EF2B1096E800D9998F /* XCRemoteSwiftPackageReference "apollo-ios" */,
			);
			productRefGroup = 5A81F3D32B1091AA00D9998F /* Products */;
			projectDirPath = "";
			projectRoot = "";
			targets = (
				5A81F3D12B1091AA00D9998F /* Hack&Change23Track1 */,
			);
		};
/* End PBXProject section */

/* Begin PBXResourcesBuildPhase section */
		5A81F3D02B1091AA00D9998F /* Resources */ = {
			isa = PBXResourcesBuildPhase;
			buildActionMask = 2147483647;
			files = (
				5A81F3DD2B1091AB00D9998F /* Preview Assets.xcassets in Resources */,
				5A81F3DA2B1091AB00D9998F /* Assets.xcassets in Resources */,
			);
			runOnlyForDeploymentPostprocessing = 0;
		};
/* End PBXResourcesBuildPhase section */

/* Begin PBXSourcesBuildPhase section */
		5A81F3CE2B1091AA00D9998F /* Sources */ = {
			isa = PBXSourcesBuildPhase;
			buildActionMask = 2147483647;
			files = (
				5A81F3D82B1091AA00D9998F /* ContentView.swift in Sources */,
				5A81F4042B10983A00D9998F /* RemoteCommandHelper.swift in Sources */,
				5A81F4022B10980300D9998F /* DecoderEncoderHelper.swift in Sources */,
				5A81F3D62B1091AA00D9998F /* Hack_Change23Track1App.swift in Sources */,
				5A81F3FE2B1097DC00D9998F /* Double.swift in Sources */,
				5A81F4092B1098FD00D9998F /* Config.swift in Sources */,
				5A81F4002B1097EB00D9998F /* Color.swift in Sources */,
				5A81F3FC2B1097BA00D9998F /* View.swift in Sources */,
			);
			runOnlyForDeploymentPostprocessing = 0;
		};
/* End PBXSourcesBuildPhase section */

/* Begin XCBuildConfiguration section */
		5A81F3DE2B1091AB00D9998F /* Debug */ = {
			isa = XCBuildConfiguration;
			buildSettings = {
				ALWAYS_SEARCH_USER_PATHS = NO;
				CLANG_ANALYZER_NONNULL = YES;
				CLANG_ANALYZER_NUMBER_OBJECT_CONVERSION = YES_AGGRESSIVE;
				CLANG_CXX_LANGUAGE_STANDARD = "gnu++20";
				CLANG_ENABLE_MODULES = YES;
				CLANG_ENABLE_OBJC_ARC = YES;
				CLANG_ENABLE_OBJC_WEAK = YES;
				CLANG_WARN_BLOCK_CAPTURE_AUTORELEASING = YES;
				CLANG_WARN_BOOL_CONVERSION = YES;
				CLANG_WARN_COMMA = YES;
				CLANG_WARN_CONSTANT_CONVERSION = YES;
				CLANG_WARN_DEPRECATED_OBJC_IMPLEMENTATIONS = YES;
				CLANG_WARN_DIRECT_OBJC_ISA_USAGE = YES_ERROR;
				CLANG_WARN_DOCUMENTATION_COMMENTS = YES;
				CLANG_WARN_EMPTY_BODY = YES;
				CLANG_WARN_ENUM_CONVERSION = YES;
				CLANG_WARN_INFINITE_RECURSION = YES;
				CLANG_WARN_INT_CONVERSION = YES;
				CLANG_WARN_NON_LITERAL_NULL_CONVERSION = YES;
				CLANG_WARN_OBJC_IMPLICIT_RETAIN_SELF = YES;
				CLANG_WARN_OBJC_LITERAL_CONVERSION = YES;
				CLANG_WARN_OBJC_ROOT_CLASS = YES_ERROR;
				CLANG_WARN_QUOTED_INCLUDE_IN_FRAMEWORK_HEADER = YES;
				CLANG_WARN_RANGE_LOOP_ANALYSIS = YES;
				CLANG_WARN_STRICT_PROTOTYPES = YES;
				CLANG_WARN_SUSPICIOUS_MOVE = YES;
				CLANG_WARN_UNGUARDED_AVAILABILITY = YES_AGGRESSIVE;
				CLANG_WARN_UNREACHABLE_CODE = YES;
				CLANG_WARN__DUPLICATE_METHOD_MATCH = YES;
				COPY_PHASE_STRIP = NO;
				DEBUG_INFORMATION_FORMAT = dwarf;
				ENABLE_STRICT_OBJC_MSGSEND = YES;
				ENABLE_TESTABILITY = YES;
				GCC_C_LANGUAGE_STANDARD = gnu11;
				GCC_DYNAMIC_NO_PIC = NO;
				GCC_NO_COMMON_BLOCKS = YES;
				GCC_OPTIMIZATION_LEVEL = 0;
				GCC_PREPROCESSOR_DEFINITIONS = (
					"DEBUG=1",
					"$(inherited)",
				);
				GCC_WARN_64_TO_32_BIT_CONVERSION = YES;
				GCC_WARN_ABOUT_RETURN_TYPE = YES_ERROR;
				GCC_WARN_UNDECLARED_SELECTOR = YES;
				GCC_WARN_UNINITIALIZED_AUTOS = YES_AGGRESSIVE;
				GCC_WARN_UNUSED_FUNCTION = YES;
				GCC_WARN_UNUSED_VARIABLE = YES;
				IPHONEOS_DEPLOYMENT_TARGET = 16.4;
				MTL_ENABLE_DEBUG_INFO = INCLUDE_SOURCE;
				MTL_FAST_MATH = YES;
				ONLY_ACTIVE_ARCH = YES;
				SDKROOT = iphoneos;
				SWIFT_ACTIVE_COMPILATION_CONDITIONS = DEBUG;
				SWIFT_OPTIMIZATION_LEVEL = "-Onone";
			};
			name = Debug;
		};
		5A81F3DF2B1091AB00D9998F /* Release */ = {
			isa = XCBuildConfiguration;
			buildSettings = {
				ALWAYS_SEARCH_USER_PATHS = NO;
				CLANG_ANALYZER_NONNULL = YES;
				CLANG_ANALYZER_NUMBER_OBJECT_CONVERSION = YES_AGGRESSIVE;
				CLANG_CXX_LANGUAGE_STANDARD = "gnu++20";
				CLANG_ENABLE_MODULES = YES;
				CLANG_ENABLE_OBJC_ARC = YES;
				CLANG_ENABLE_OBJC_WEAK = YES;
				CLANG_WARN_BLOCK_CAPTURE_AUTORELEASING = YES;
				CLANG_WARN_BOOL_CONVERSION = YES;
				CLANG_WARN_COMMA = YES;
				CLANG_WARN_CONSTANT_CONVERSION = YES;
				CLANG_WARN_DEPRECATED_OBJC_IMPLEMENTATIONS = YES;
				CLANG_WARN_DIRECT_OBJC_ISA_USAGE = YES_ERROR;
				CLANG_WARN_DOCUMENTATION_COMMENTS = YES;
				CLANG_WARN_EMPTY_BODY = YES;
				CLANG_WARN_ENUM_CONVERSION = YES;
				CLANG_WARN_INFINITE_RECURSION = YES;
				CLANG_WARN_INT_CONVERSION = YES;
				CLANG_WARN_NON_LITERAL_NULL_CONVERSION = YES;
				CLANG_WARN_OBJC_IMPLICIT_RETAIN_SELF = YES;
				CLANG_WARN_OBJC_LITERAL_CONVERSION = YES;
				CLANG_WARN_OBJC_ROOT_CLASS = YES_ERROR;
				CLANG_WARN_QUOTED_INCLUDE_IN_FRAMEWORK_HEADER = YES;
				CLANG_WARN_RANGE_LOOP_ANALYSIS = YES;
				CLANG_WARN_STRICT_PROTOTYPES = YES;
				CLANG_WARN_SUSPICIOUS_MOVE = YES;
				CLANG_WARN_UNGUARDED_AVAILABILITY = YES_AGGRESSIVE;
				CLANG_WARN_UNREACHABLE_CODE = YES;
				CLANG_WARN__DUPLICATE_METHOD_MATCH = YES;
				COPY_PHASE_STRIP = NO;
				DEBUG_INFORMATION_FORMAT = "dwarf-with-dsym";
				ENABLE_NS_ASSERTIONS = NO;
				ENABLE_STRICT_OBJC_MSGSEND = YES;
				GCC_C_LANGUAGE_STANDARD = gnu11;
				GCC_NO_COMMON_BLOCKS = YES;
				GCC_WARN_64_TO_32_BIT_CONVERSION = YES;
				GCC_WARN_ABOUT_RETURN_TYPE = YES_ERROR;
				GCC_WARN_UNDECLARED_SELECTOR = YES;
				GCC_WARN_UNINITIALIZED_AUTOS = YES_AGGRESSIVE;
				GCC_WARN_UNUSED_FUNCTION = YES;
				GCC_WARN_UNUSED_VARIABLE = YES;
				IPHONEOS_DEPLOYMENT_TARGET = 16.4;
				MTL_ENABLE_DEBUG_INFO = NO;
				MTL_FAST_MATH = YES;
				SDKROOT = iphoneos;
				SWIFT_COMPILATION_MODE = wholemodule;
				SWIFT_OPTIMIZATION_LEVEL = "-O";
				VALIDATE_PRODUCT = YES;
			};
			name = Release;
		};
		5A81F3E12B1091AB00D9998F /* Debug */ = {
			isa = XCBuildConfiguration;
			buildSettings = {
				ASSETCATALOG_COMPILER_APPICON_NAME = AppIcon;
				ASSETCATALOG_COMPILER_GLOBAL_ACCENT_COLOR_NAME = AccentColor;
				CODE_SIGN_STYLE = Automatic;
				CURRENT_PROJECT_VERSION = 1;
				DEVELOPMENT_ASSET_PATHS = "\"Hack&Change23Track1/Preview Content\"";
				DEVELOPMENT_TEAM = 92PU6D6MCQ;
				ENABLE_PREVIEWS = YES;
				GENERATE_INFOPLIST_FILE = YES;
				INFOPLIST_KEY_UIApplicationSceneManifest_Generation = YES;
				INFOPLIST_KEY_UIApplicationSupportsIndirectInputEvents = YES;
				INFOPLIST_KEY_UILaunchScreen_Generation = YES;
				INFOPLIST_KEY_UISupportedInterfaceOrientations_iPad = "UIInterfaceOrientationPortrait UIInterfaceOrientationPortraitUpsideDown UIInterfaceOrientationLandscapeLeft UIInterfaceOrientationLandscapeRight";
				INFOPLIST_KEY_UISupportedInterfaceOrientations_iPhone = "UIInterfaceOrientationPortrait UIInterfaceOrientationLandscapeLeft UIInterfaceOrientationLandscapeRight";
				LD_RUNPATH_SEARCH_PATHS = (
					"$(inherited)",
					"@executable_path/Frameworks",
				);
				MARKETING_VERSION = 1.0;
				PRODUCT_BUNDLE_IDENTIFIER = "com.BogdanZyk.Hack-Change23Track1";
				PRODUCT_NAME = "$(TARGET_NAME)";
				SWIFT_EMIT_LOC_STRINGS = YES;
				SWIFT_VERSION = 5.0;
				TARGETED_DEVICE_FAMILY = "1,2";
			};
			name = Debug;
		};
		5A81F3E22B1091AB00D9998F /* Release */ = {
			isa = XCBuildConfiguration;
			buildSettings = {
				ASSETCATALOG_COMPILER_APPICON_NAME = AppIcon;
				ASSETCATALOG_COMPILER_GLOBAL_ACCENT_COLOR_NAME = AccentColor;
				CODE_SIGN_STYLE = Automatic;
				CURRENT_PROJECT_VERSION = 1;
				DEVELOPMENT_ASSET_PATHS = "\"Hack&Change23Track1/Preview Content\"";
				DEVELOPMENT_TEAM = 92PU6D6MCQ;
				ENABLE_PREVIEWS = YES;
				GENERATE_INFOPLIST_FILE = YES;
				INFOPLIST_KEY_UIApplicationSceneManifest_Generation = YES;
				INFOPLIST_KEY_UIApplicationSupportsIndirectInputEvents = YES;
				INFOPLIST_KEY_UILaunchScreen_Generation = YES;
				INFOPLIST_KEY_UISupportedInterfaceOrientations_iPad = "UIInterfaceOrientationPortrait UIInterfaceOrientationPortraitUpsideDown UIInterfaceOrientationLandscapeLeft UIInterfaceOrientationLandscapeRight";
				INFOPLIST_KEY_UISupportedInterfaceOrientations_iPhone = "UIInterfaceOrientationPortrait UIInterfaceOrientationLandscapeLeft UIInterfaceOrientationLandscapeRight";
				LD_RUNPATH_SEARCH_PATHS = (
					"$(inherited)",
					"@executable_path/Frameworks",
				);
				MARKETING_VERSION = 1.0;
				PRODUCT_BUNDLE_IDENTIFIER = "com.BogdanZyk.Hack-Change23Track1";
				PRODUCT_NAME = "$(TARGET_NAME)";
				SWIFT_EMIT_LOC_STRINGS = YES;
				SWIFT_VERSION = 5.0;
				TARGETED_DEVICE_FAMILY = "1,2";
			};
			name = Release;
		};
/* End XCBuildConfiguration section */

/* Begin XCConfigurationList section */
		5A81F3CD2B1091AA00D9998F /* Build configuration list for PBXProject "Hack&Change23Track1" */ = {
			isa = XCConfigurationList;
			buildConfigurations = (
				5A81F3DE2B1091AB00D9998F /* Debug */,
				5A81F3DF2B1091AB00D9998F /* Release */,
			);
			defaultConfigurationIsVisible = 0;
			defaultConfigurationName = Release;
		};
		5A81F3E02B1091AB00D9998F /* Build configuration list for PBXNativeTarget "Hack&Change23Track1" */ = {
			isa = XCConfigurationList;
			buildConfigurations = (
				5A81F3E12B1091AB00D9998F /* Debug */,
				5A81F3E22B1091AB00D9998F /* Release */,
			);
			defaultConfigurationIsVisible = 0;
			defaultConfigurationName = Release;
		};
/* End XCConfigurationList section */

/* Begin XCRemoteSwiftPackageReference section */
		5A81F3EC2B1096C200D9998F /* XCRemoteSwiftPackageReference "WebRTC" */ = {
			isa = XCRemoteSwiftPackageReference;
			repositoryURL = "https://github.com/stasel/WebRTC";
			requirement = {
				kind = upToNextMajorVersion;
				minimumVersion = 119.0.0;
			};
		};
		5A81F3EF2B1096E800D9998F /* XCRemoteSwiftPackageReference "apollo-ios" */ = {
			isa = XCRemoteSwiftPackageReference;
			repositoryURL = "https://github.com/apollographql/apollo-ios.git";
			requirement = {
				kind = upToNextMajorVersion;
				minimumVersion = 1.0.0;
			};
		};
/* End XCRemoteSwiftPackageReference section */

/* Begin XCSwiftPackageProductDependency section */
		5A81F3ED2B1096C200D9998F /* WebRTC */ = {
			isa = XCSwiftPackageProductDependency;
			package = 5A81F3EC2B1096C200D9998F /* XCRemoteSwiftPackageReference "WebRTC" */;
			productName = WebRTC;
		};
		5A81F3F02B1096E800D9998F /* Apollo */ = {
			isa = XCSwiftPackageProductDependency;
			package = 5A81F3EF2B1096E800D9998F /* XCRemoteSwiftPackageReference "apollo-ios" */;
			productName = Apollo;
		};
/* End XCSwiftPackageProductDependency section */
	};
	rootObject = 5A81F3CA2B1091AA00D9998F /* Project object */;
}
